// !$*UTF8*$!
{
	archiveVersion = 1;
	classes = {
	};
	objectVersion = 56;
	objects = {

/* Begin PBXBuildFile section */
		940A14B22B7A9DE9006E2D01 /* AppDelegate.swift in Sources */ = {isa = PBXBuildFile; fileRef = 940A14B12B7A9DE9006E2D01 /* AppDelegate.swift */; };
		940A14B42B7A9DE9006E2D01 /* SceneDelegate.swift in Sources */ = {isa = PBXBuildFile; fileRef = 940A14B32B7A9DE9006E2D01 /* SceneDelegate.swift */; };
		940A14B62B7A9DE9006E2D01 /* ViewController.swift in Sources */ = {isa = PBXBuildFile; fileRef = 940A14B52B7A9DE9006E2D01 /* ViewController.swift */; };
		940A14B92B7A9DE9006E2D01 /* Main.storyboard in Resources */ = {isa = PBXBuildFile; fileRef = 940A14B72B7A9DE9006E2D01 /* Main.storyboard */; };
		940A14BB2B7A9DEB006E2D01 /* Assets.xcassets in Resources */ = {isa = PBXBuildFile; fileRef = 940A14BA2B7A9DEB006E2D01 /* Assets.xcassets */; };
		940A14BE2B7A9DEB006E2D01 /* LaunchScreen.storyboard in Resources */ = {isa = PBXBuildFile; fileRef = 940A14BC2B7A9DEB006E2D01 /* LaunchScreen.storyboard */; };
		940A14C82B7AA079006E2D01 /* opencv2.xcframework in Frameworks */ = {isa = PBXBuildFile; fileRef = 940A14C72B7AA079006E2D01 /* opencv2.xcframework */; };
		940A14F12B7DC84D006E2D01 /* shogi_camera_input.mm in Sources */ = {isa = PBXBuildFile; fileRef = 940A14E72B7B2141006E2D01 /* shogi_camera_input.mm */; };
/* End PBXBuildFile section */

/* Begin PBXFileReference section */
		940A14AE2B7A9DE9006E2D01 /* shogi-camera-input-demo.app */ = {isa = PBXFileReference; explicitFileType = wrapper.application; includeInIndex = 0; path = "shogi-camera-input-demo.app"; sourceTree = BUILT_PRODUCTS_DIR; };
		940A14B12B7A9DE9006E2D01 /* AppDelegate.swift */ = {isa = PBXFileReference; lastKnownFileType = sourcecode.swift; path = AppDelegate.swift; sourceTree = "<group>"; };
		940A14B32B7A9DE9006E2D01 /* SceneDelegate.swift */ = {isa = PBXFileReference; lastKnownFileType = sourcecode.swift; path = SceneDelegate.swift; sourceTree = "<group>"; };
		940A14B52B7A9DE9006E2D01 /* ViewController.swift */ = {isa = PBXFileReference; lastKnownFileType = sourcecode.swift; path = ViewController.swift; sourceTree = "<group>"; };
		940A14B82B7A9DE9006E2D01 /* Base */ = {isa = PBXFileReference; lastKnownFileType = file.storyboard; name = Base; path = Base.lproj/Main.storyboard; sourceTree = "<group>"; };
		940A14BA2B7A9DEB006E2D01 /* Assets.xcassets */ = {isa = PBXFileReference; lastKnownFileType = folder.assetcatalog; path = Assets.xcassets; sourceTree = "<group>"; };
		940A14BD2B7A9DEB006E2D01 /* Base */ = {isa = PBXFileReference; lastKnownFileType = file.storyboard; name = Base; path = Base.lproj/LaunchScreen.storyboard; sourceTree = "<group>"; };
		940A14BF2B7A9DEB006E2D01 /* Info.plist */ = {isa = PBXFileReference; lastKnownFileType = text.plist.xml; path = Info.plist; sourceTree = "<group>"; };
		940A14C72B7AA079006E2D01 /* opencv2.xcframework */ = {isa = PBXFileReference; lastKnownFileType = wrapper.xcframework; name = opencv2.xcframework; path = ../../../build/opencv/build/opencv2.xcframework; sourceTree = "<group>"; };
		940A14CC2B7ABE9C006E2D01 /* shogi_camera_input.hpp */ = {isa = PBXFileReference; fileEncoding = 4; lastKnownFileType = sourcecode.cpp.h; name = shogi_camera_input.hpp; path = ../../../include/shogi_camera_input/shogi_camera_input.hpp; sourceTree = "<group>"; };
		940A14E72B7B2141006E2D01 /* shogi_camera_input.mm */ = {isa = PBXFileReference; fileEncoding = 4; lastKnownFileType = sourcecode.cpp.objcpp; name = shogi_camera_input.mm; path = ../../../src/objc/shogi_camera_input.mm; sourceTree = "<group>"; };
		940A14EA2B7B2152006E2D01 /* shogi_camera_input.cpp */ = {isa = PBXFileReference; lastKnownFileType = sourcecode.cpp.cpp; name = shogi_camera_input.cpp; path = ../../../src/shogi_camera_input.cpp; sourceTree = "<group>"; };
		940A14EC2B7D6E21006E2D01 /* module.modulemap */ = {isa = PBXFileReference; fileEncoding = 4; lastKnownFileType = "sourcecode.module-map"; name = module.modulemap; path = ../../../include/shogi_camera_input/module.modulemap; sourceTree = "<group>"; };
		940A14EE2B7D7C6E006E2D01 /* CoreAudioTypes.framework */ = {isa = PBXFileReference; lastKnownFileType = wrapper.framework; name = CoreAudioTypes.framework; path = System/Library/Frameworks/CoreAudioTypes.framework; sourceTree = SDKROOT; };
/* End PBXFileReference section */

/* Begin PBXFrameworksBuildPhase section */
		940A14AB2B7A9DE9006E2D01 /* Frameworks */ = {
			isa = PBXFrameworksBuildPhase;
			buildActionMask = 2147483647;
			files = (
				940A14C82B7AA079006E2D01 /* opencv2.xcframework in Frameworks */,
			);
			runOnlyForDeploymentPostprocessing = 0;
		};
/* End PBXFrameworksBuildPhase section */

/* Begin PBXGroup section */
		940A14A52B7A9DE9006E2D01 = {
			isa = PBXGroup;
			children = (
				940A14B02B7A9DE9006E2D01 /* shogi-camera-input-demo */,
				940A14AF2B7A9DE9006E2D01 /* Products */,
				940A14ED2B7D7C6E006E2D01 /* Frameworks */,
			);
			sourceTree = "<group>";
		};
		940A14AF2B7A9DE9006E2D01 /* Products */ = {
			isa = PBXGroup;
			children = (
				940A14AE2B7A9DE9006E2D01 /* shogi-camera-input-demo.app */,
			);
			name = Products;
			sourceTree = "<group>";
		};
		940A14B02B7A9DE9006E2D01 /* shogi-camera-input-demo */ = {
			isa = PBXGroup;
			children = (
				940A14CC2B7ABE9C006E2D01 /* shogi_camera_input.hpp */,
				940A14C72B7AA079006E2D01 /* opencv2.xcframework */,
				940A14B12B7A9DE9006E2D01 /* AppDelegate.swift */,
				940A14B32B7A9DE9006E2D01 /* SceneDelegate.swift */,
				940A14B52B7A9DE9006E2D01 /* ViewController.swift */,
				940A14B72B7A9DE9006E2D01 /* Main.storyboard */,
				940A14BA2B7A9DEB006E2D01 /* Assets.xcassets */,
				940A14BC2B7A9DEB006E2D01 /* LaunchScreen.storyboard */,
				940A14BF2B7A9DEB006E2D01 /* Info.plist */,
				940A14E72B7B2141006E2D01 /* shogi_camera_input.mm */,
				940A14EA2B7B2152006E2D01 /* shogi_camera_input.cpp */,
				940A14EC2B7D6E21006E2D01 /* module.modulemap */,
			);
			path = "shogi-camera-input-demo";
			sourceTree = "<group>";
		};
		940A14ED2B7D7C6E006E2D01 /* Frameworks */ = {
			isa = PBXGroup;
			children = (
				940A14EE2B7D7C6E006E2D01 /* CoreAudioTypes.framework */,
			);
			name = Frameworks;
			sourceTree = "<group>";
		};
/* End PBXGroup section */

/* Begin PBXNativeTarget section */
		940A14AD2B7A9DE9006E2D01 /* shogi-camera-input-demo */ = {
			isa = PBXNativeTarget;
			buildConfigurationList = 940A14C22B7A9DEB006E2D01 /* Build configuration list for PBXNativeTarget "shogi-camera-input-demo" */;
			buildPhases = (
				940A14AA2B7A9DE9006E2D01 /* Sources */,
				940A14AB2B7A9DE9006E2D01 /* Frameworks */,
				940A14AC2B7A9DE9006E2D01 /* Resources */,
			);
			buildRules = (
			);
			dependencies = (
			);
			name = "shogi-camera-input-demo";
			productName = "shogi-camera-input-demo";
			productReference = 940A14AE2B7A9DE9006E2D01 /* shogi-camera-input-demo.app */;
			productType = "com.apple.product-type.application";
		};
/* End PBXNativeTarget section */

/* Begin PBXProject section */
		940A14A62B7A9DE9006E2D01 /* Project object */ = {
			isa = PBXProject;
			attributes = {
				BuildIndependentTargetsInParallel = 1;
				LastSwiftUpdateCheck = 1520;
				LastUpgradeCheck = 1520;
				TargetAttributes = {
					940A14AD2B7A9DE9006E2D01 = {
						CreatedOnToolsVersion = 15.2;
						LastSwiftMigration = 1520;
					};
				};
			};
			buildConfigurationList = 940A14A92B7A9DE9006E2D01 /* Build configuration list for PBXProject "shogi-camera-input-demo" */;
			compatibilityVersion = "Xcode 14.0";
			developmentRegion = en;
			hasScannedForEncodings = 0;
			knownRegions = (
				en,
				Base,
			);
			mainGroup = 940A14A52B7A9DE9006E2D01;
			productRefGroup = 940A14AF2B7A9DE9006E2D01 /* Products */;
			projectDirPath = "";
			projectRoot = "";
			targets = (
				940A14AD2B7A9DE9006E2D01 /* shogi-camera-input-demo */,
			);
		};
/* End PBXProject section */

/* Begin PBXResourcesBuildPhase section */
		940A14AC2B7A9DE9006E2D01 /* Resources */ = {
			isa = PBXResourcesBuildPhase;
			buildActionMask = 2147483647;
			files = (
				940A14BE2B7A9DEB006E2D01 /* LaunchScreen.storyboard in Resources */,
				940A14BB2B7A9DEB006E2D01 /* Assets.xcassets in Resources */,
				940A14B92B7A9DE9006E2D01 /* Main.storyboard in Resources */,
			);
			runOnlyForDeploymentPostprocessing = 0;
		};
/* End PBXResourcesBuildPhase section */

/* Begin PBXSourcesBuildPhase section */
		940A14AA2B7A9DE9006E2D01 /* Sources */ = {
			isa = PBXSourcesBuildPhase;
			buildActionMask = 2147483647;
			files = (
				940A14B62B7A9DE9006E2D01 /* ViewController.swift in Sources */,
				940A14B22B7A9DE9006E2D01 /* AppDelegate.swift in Sources */,
				940A14F12B7DC84D006E2D01 /* shogi_camera_input.mm in Sources */,
				940A14B42B7A9DE9006E2D01 /* SceneDelegate.swift in Sources */,
			);
			runOnlyForDeploymentPostprocessing = 0;
		};
/* End PBXSourcesBuildPhase section */

/* Begin PBXVariantGroup section */
		940A14B72B7A9DE9006E2D01 /* Main.storyboard */ = {
			isa = PBXVariantGroup;
			children = (
				940A14B82B7A9DE9006E2D01 /* Base */,
			);
			name = Main.storyboard;
			sourceTree = "<group>";
		};
		940A14BC2B7A9DEB006E2D01 /* LaunchScreen.storyboard */ = {
			isa = PBXVariantGroup;
			children = (
				940A14BD2B7A9DEB006E2D01 /* Base */,
			);
			name = LaunchScreen.storyboard;
			sourceTree = "<group>";
		};
/* End PBXVariantGroup section */

/* Begin XCBuildConfiguration section */
		940A14C02B7A9DEB006E2D01 /* Debug */ = {
			isa = XCBuildConfiguration;
			buildSettings = {
				ALWAYS_SEARCH_USER_PATHS = NO;
				ASSETCATALOG_COMPILER_GENERATE_SWIFT_ASSET_SYMBOL_EXTENSIONS = YES;
				CLANG_ANALYZER_NONNULL = YES;
				CLANG_ANALYZER_NUMBER_OBJECT_CONVERSION = YES_AGGRESSIVE;
				CLANG_CXX_LANGUAGE_STANDARD = "gnu++20";
				CLANG_ENABLE_MODULES = YES;
				CLANG_ENABLE_OBJC_ARC = YES;
				CLANG_ENABLE_OBJC_WEAK = YES;
				CLANG_WARN_BLOCK_CAPTURE_AUTORELEASING = YES;
				CLANG_WARN_BOOL_CONVERSION = YES;
				CLANG_WARN_COMMA = YES;
				CLANG_WARN_CONSTANT_CONVERSION = YES;
				CLANG_WARN_DEPRECATED_OBJC_IMPLEMENTATIONS = YES;
				CLANG_WARN_DIRECT_OBJC_ISA_USAGE = YES_ERROR;
				CLANG_WARN_DOCUMENTATION_COMMENTS = YES;
				CLANG_WARN_EMPTY_BODY = YES;
				CLANG_WARN_ENUM_CONVERSION = YES;
				CLANG_WARN_INFINITE_RECURSION = YES;
				CLANG_WARN_INT_CONVERSION = YES;
				CLANG_WARN_NON_LITERAL_NULL_CONVERSION = YES;
				CLANG_WARN_OBJC_IMPLICIT_RETAIN_SELF = YES;
				CLANG_WARN_OBJC_LITERAL_CONVERSION = YES;
				CLANG_WARN_OBJC_ROOT_CLASS = YES_ERROR;
				CLANG_WARN_QUOTED_INCLUDE_IN_FRAMEWORK_HEADER = YES;
				CLANG_WARN_RANGE_LOOP_ANALYSIS = YES;
				CLANG_WARN_STRICT_PROTOTYPES = YES;
				CLANG_WARN_SUSPICIOUS_MOVE = YES;
				CLANG_WARN_UNGUARDED_AVAILABILITY = YES_AGGRESSIVE;
				CLANG_WARN_UNREACHABLE_CODE = YES;
				CLANG_WARN__DUPLICATE_METHOD_MATCH = YES;
				COPY_PHASE_STRIP = NO;
				DEBUG_INFORMATION_FORMAT = dwarf;
				ENABLE_STRICT_OBJC_MSGSEND = YES;
				ENABLE_TESTABILITY = YES;
				ENABLE_USER_SCRIPT_SANDBOXING = YES;
				GCC_C_LANGUAGE_STANDARD = gnu17;
				GCC_DYNAMIC_NO_PIC = NO;
				GCC_NO_COMMON_BLOCKS = YES;
				GCC_OPTIMIZATION_LEVEL = 0;
				GCC_PREPROCESSOR_DEFINITIONS = (
					"DEBUG=1",
					"$(inherited)",
				);
				GCC_WARN_64_TO_32_BIT_CONVERSION = YES;
				GCC_WARN_ABOUT_RETURN_TYPE = YES_ERROR;
				GCC_WARN_UNDECLARED_SELECTOR = YES;
				GCC_WARN_UNINITIALIZED_AUTOS = YES_AGGRESSIVE;
				GCC_WARN_UNUSED_FUNCTION = YES;
				GCC_WARN_UNUSED_VARIABLE = YES;
				IPHONEOS_DEPLOYMENT_TARGET = 17.2;
				LOCALIZATION_PREFERS_STRING_CATALOGS = YES;
				MTL_ENABLE_DEBUG_INFO = INCLUDE_SOURCE;
				MTL_FAST_MATH = YES;
				ONLY_ACTIVE_ARCH = YES;
				SDKROOT = iphoneos;
				SWIFT_ACTIVE_COMPILATION_CONDITIONS = "DEBUG $(inherited)";
				SWIFT_OBJC_INTEROP_MODE = objcxx;
				SWIFT_OPTIMIZATION_LEVEL = "-Onone";
			};
			name = Debug;
		};
		940A14C12B7A9DEB006E2D01 /* Release */ = {
			isa = XCBuildConfiguration;
			buildSettings = {
				ALWAYS_SEARCH_USER_PATHS = NO;
				ASSETCATALOG_COMPILER_GENERATE_SWIFT_ASSET_SYMBOL_EXTENSIONS = YES;
				CLANG_ANALYZER_NONNULL = YES;
				CLANG_ANALYZER_NUMBER_OBJECT_CONVERSION = YES_AGGRESSIVE;
				CLANG_CXX_LANGUAGE_STANDARD = "gnu++20";
				CLANG_ENABLE_MODULES = YES;
				CLANG_ENABLE_OBJC_ARC = YES;
				CLANG_ENABLE_OBJC_WEAK = YES;
				CLANG_WARN_BLOCK_CAPTURE_AUTORELEASING = YES;
				CLANG_WARN_BOOL_CONVERSION = YES;
				CLANG_WARN_COMMA = YES;
				CLANG_WARN_CONSTANT_CONVERSION = YES;
				CLANG_WARN_DEPRECATED_OBJC_IMPLEMENTATIONS = YES;
				CLANG_WARN_DIRECT_OBJC_ISA_USAGE = YES_ERROR;
				CLANG_WARN_DOCUMENTATION_COMMENTS = YES;
				CLANG_WARN_EMPTY_BODY = YES;
				CLANG_WARN_ENUM_CONVERSION = YES;
				CLANG_WARN_INFINITE_RECURSION = YES;
				CLANG_WARN_INT_CONVERSION = YES;
				CLANG_WARN_NON_LITERAL_NULL_CONVERSION = YES;
				CLANG_WARN_OBJC_IMPLICIT_RETAIN_SELF = YES;
				CLANG_WARN_OBJC_LITERAL_CONVERSION = YES;
				CLANG_WARN_OBJC_ROOT_CLASS = YES_ERROR;
				CLANG_WARN_QUOTED_INCLUDE_IN_FRAMEWORK_HEADER = YES;
				CLANG_WARN_RANGE_LOOP_ANALYSIS = YES;
				CLANG_WARN_STRICT_PROTOTYPES = YES;
				CLANG_WARN_SUSPICIOUS_MOVE = YES;
				CLANG_WARN_UNGUARDED_AVAILABILITY = YES_AGGRESSIVE;
				CLANG_WARN_UNREACHABLE_CODE = YES;
				CLANG_WARN__DUPLICATE_METHOD_MATCH = YES;
				COPY_PHASE_STRIP = NO;
				DEBUG_INFORMATION_FORMAT = "dwarf-with-dsym";
				ENABLE_NS_ASSERTIONS = NO;
				ENABLE_STRICT_OBJC_MSGSEND = YES;
				ENABLE_USER_SCRIPT_SANDBOXING = YES;
				GCC_C_LANGUAGE_STANDARD = gnu17;
				GCC_NO_COMMON_BLOCKS = YES;
				GCC_WARN_64_TO_32_BIT_CONVERSION = YES;
				GCC_WARN_ABOUT_RETURN_TYPE = YES_ERROR;
				GCC_WARN_UNDECLARED_SELECTOR = YES;
				GCC_WARN_UNINITIALIZED_AUTOS = YES_AGGRESSIVE;
				GCC_WARN_UNUSED_FUNCTION = YES;
				GCC_WARN_UNUSED_VARIABLE = YES;
				IPHONEOS_DEPLOYMENT_TARGET = 17.2;
				LOCALIZATION_PREFERS_STRING_CATALOGS = YES;
				MTL_ENABLE_DEBUG_INFO = NO;
				MTL_FAST_MATH = YES;
				SDKROOT = iphoneos;
				SWIFT_COMPILATION_MODE = wholemodule;
				SWIFT_OBJC_INTEROP_MODE = objcxx;
				VALIDATE_PRODUCT = YES;
			};
			name = Release;
		};
		940A14C32B7A9DEB006E2D01 /* Debug */ = {
			isa = XCBuildConfiguration;
			buildSettings = {
				ASSETCATALOG_COMPILER_APPICON_NAME = AppIcon;
				ASSETCATALOG_COMPILER_GLOBAL_ACCENT_COLOR_NAME = AccentColor;
				CLANG_ENABLE_MODULES = YES;
				CODE_SIGN_STYLE = Automatic;
				CURRENT_PROJECT_VERSION = 1;
				DEVELOPMENT_TEAM = XM695N4A7T;
				GENERATE_INFOPLIST_FILE = YES;
				HEADER_SEARCH_PATHS = "$(SRCROOT)/../../include";
				INFOPLIST_FILE = "shogi-camera-input-demo/Info.plist";
				INFOPLIST_KEY_NSCameraUsageDescription = "";
				INFOPLIST_KEY_UIApplicationSupportsIndirectInputEvents = YES;
				INFOPLIST_KEY_UILaunchStoryboardName = LaunchScreen;
				INFOPLIST_KEY_UIMainStoryboardFile = Main;
				INFOPLIST_KEY_UISupportedInterfaceOrientations = UIInterfaceOrientationPortrait;
				IPHONEOS_DEPLOYMENT_TARGET = 15.0;
				LD_RUNPATH_SEARCH_PATHS = (
					"$(inherited)",
					"@executable_path/Frameworks",
				);
				MARKETING_VERSION = 1.0;
				PRODUCT_BUNDLE_IDENTIFIER = "com.github.kbinani.shogi-camera-input-demo";
				PRODUCT_NAME = "$(TARGET_NAME)";
				SWIFT_EMIT_LOC_STRINGS = YES;
				SWIFT_OPTIMIZATION_LEVEL = "-Onone";
				SWIFT_VERSION = 5.0;
				TARGETED_DEVICE_FAMILY = "1,2";
			};
			name = Debug;
		};
		940A14C42B7A9DEB006E2D01 /* Release */ = {
			isa = XCBuildConfiguration;
			buildSettings = {
				ASSETCATALOG_COMPILER_APPICON_NAME = AppIcon;
				ASSETCATALOG_COMPILER_GLOBAL_ACCENT_COLOR_NAME = AccentColor;
				CLANG_ENABLE_MODULES = YES;
				CODE_SIGN_STYLE = Automatic;
				CURRENT_PROJECT_VERSION = 1;
				DEVELOPMENT_TEAM = XM695N4A7T;
				GENERATE_INFOPLIST_FILE = YES;
				HEADER_SEARCH_PATHS = "$(SRCROOT)/../../include";
				INFOPLIST_FILE = "shogi-camera-input-demo/Info.plist";
				INFOPLIST_KEY_NSCameraUsageDescription = "";
				INFOPLIST_KEY_UIApplicationSupportsIndirectInputEvents = YES;
				INFOPLIST_KEY_UILaunchStoryboardName = LaunchScreen;
				INFOPLIST_KEY_UIMainStoryboardFile = Main;
				INFOPLIST_KEY_UISupportedInterfaceOrientations = UIInterfaceOrientationPortrait;
				IPHONEOS_DEPLOYMENT_TARGET = 15.0;
				LD_RUNPATH_SEARCH_PATHS = (
					"$(inherited)",
					"@executable_path/Frameworks",
				);
				MARKETING_VERSION = 1.0;
				PRODUCT_BUNDLE_IDENTIFIER = "com.github.kbinani.shogi-camera-input-demo";
				PRODUCT_NAME = "$(TARGET_NAME)";
				SWIFT_EMIT_LOC_STRINGS = YES;
				SWIFT_VERSION = 5.0;
				TARGETED_DEVICE_FAMILY = "1,2";
			};
			name = Release;
		};
/* End XCBuildConfiguration section */

/* Begin XCConfigurationList section */
		940A14A92B7A9DE9006E2D01 /* Build configuration list for PBXProject "shogi-camera-input-demo" */ = {
			isa = XCConfigurationList;
			buildConfigurations = (
				940A14C02B7A9DEB006E2D01 /* Debug */,
				940A14C12B7A9DEB006E2D01 /* Release */,
			);
			defaultConfigurationIsVisible = 0;
			defaultConfigurationName = Release;
		};
		940A14C22B7A9DEB006E2D01 /* Build configuration list for PBXNativeTarget "shogi-camera-input-demo" */ = {
			isa = XCConfigurationList;
			buildConfigurations = (
				940A14C32B7A9DEB006E2D01 /* Debug */,
				940A14C42B7A9DEB006E2D01 /* Release */,
			);
			defaultConfigurationIsVisible = 0;
			defaultConfigurationName = Release;
		};
/* End XCConfigurationList section */
	};
	rootObject = 940A14A62B7A9DE9006E2D01 /* Project object */;
}
