// !$*UTF8*$!
{
	archiveVersion = 1;
	classes = {
	};
	objectVersion = 56;
	objects = {

/* Begin PBXBuildFile section */
		940A14B22B7A9DE9006E2D01 /* AppDelegate.swift in Sources */ = {isa = PBXBuildFile; fileRef = 940A14B12B7A9DE9006E2D01 /* AppDelegate.swift */; };
		940A14B42B7A9DE9006E2D01 /* SceneDelegate.swift in Sources */ = {isa = PBXBuildFile; fileRef = 940A14B32B7A9DE9006E2D01 /* SceneDelegate.swift */; };
		940A14B62B7A9DE9006E2D01 /* ViewController.swift in Sources */ = {isa = PBXBuildFile; fileRef = 940A14B52B7A9DE9006E2D01 /* ViewController.swift */; };
		940A14B92B7A9DE9006E2D01 /* Main.storyboard in Resources */ = {isa = PBXBuildFile; fileRef = 940A14B72B7A9DE9006E2D01 /* Main.storyboard */; };
		940A14BB2B7A9DEB006E2D01 /* Assets.xcassets in Resources */ = {isa = PBXBuildFile; fileRef = 940A14BA2B7A9DEB006E2D01 /* Assets.xcassets */; };
		940A14BE2B7A9DEB006E2D01 /* LaunchScreen.storyboard in Resources */ = {isa = PBXBuildFile; fileRef = 940A14BC2B7A9DEB006E2D01 /* LaunchScreen.storyboard */; };
		940A14C82B7AA079006E2D01 /* opencv2.xcframework in Frameworks */ = {isa = PBXBuildFile; fileRef = 940A14C72B7AA079006E2D01 /* opencv2.xcframework */; };
		940A14F12B7DC84D006E2D01 /* shogi_camera_input.mm in Sources */ = {isa = PBXBuildFile; fileRef = 940A14E72B7B2141006E2D01 /* shogi_camera_input.mm */; };
		940A14F32B7DEFF1006E2D01 /* DebugPreview.swift in Sources */ = {isa = PBXBuildFile; fileRef = 940A14F22B7DEFF1006E2D01 /* DebugPreview.swift */; };
		944ECF1D2B871C54001E8CF5 /* statistics.cpp in Sources */ = {isa = PBXBuildFile; fileRef = 946220102B85F32B0094B015 /* statistics.cpp */; };
		944ECF1E2B871C56001E8CF5 /* img.cpp in Sources */ = {isa = PBXBuildFile; fileRef = 946220122B85F47E0094B015 /* img.cpp */; };
		944ECF1F2B871C5A001E8CF5 /* piece_book.cpp in Sources */ = {isa = PBXBuildFile; fileRef = 9462200E2B85F2C30094B015 /* piece_book.cpp */; };
		944ECF272B895A2C001E8CF5 /* main.cpp in Sources */ = {isa = PBXBuildFile; fileRef = 944ECF262B895A2C001E8CF5 /* main.cpp */; };
		944ECF2E2B895B65001E8CF5 /* opencv2.framework in Frameworks */ = {isa = PBXBuildFile; fileRef = 94BB050B2B82010D003FB8B8 /* opencv2.framework */; };
		944ECF2F2B895BB6001E8CF5 /* Accelerate.framework in Frameworks */ = {isa = PBXBuildFile; fileRef = 94BB05112B820529003FB8B8 /* Accelerate.framework */; };
		944ECF302B895BBB001E8CF5 /* AppKit.framework in Frameworks */ = {isa = PBXBuildFile; fileRef = 94BB05132B829A3A003FB8B8 /* AppKit.framework */; };
		944ECF312B895BC0001E8CF5 /* OpenCL.framework in Frameworks */ = {isa = PBXBuildFile; fileRef = 94BB050F2B8204CA003FB8B8 /* OpenCL.framework */; };
		944ECF322B895BE3001E8CF5 /* shogi_camera_input.cpp in Sources */ = {isa = PBXBuildFile; fileRef = 940A14EA2B7B2152006E2D01 /* shogi_camera_input.cpp */; };
		944ECF332B895C14001E8CF5 /* statistics.cpp in Sources */ = {isa = PBXBuildFile; fileRef = 946220102B85F32B0094B015 /* statistics.cpp */; };
		944ECF342B895C17001E8CF5 /* img.cpp in Sources */ = {isa = PBXBuildFile; fileRef = 946220122B85F47E0094B015 /* img.cpp */; };
		944ECF352B895C1F001E8CF5 /* piece_book.cpp in Sources */ = {isa = PBXBuildFile; fileRef = 9462200E2B85F2C30094B015 /* piece_book.cpp */; };
		944ECF372B8A287C001E8CF5 /* session.cpp in Sources */ = {isa = PBXBuildFile; fileRef = 944ECF362B8A287C001E8CF5 /* session.cpp */; };
		944ECF392B8A2A3B001E8CF5 /* game.cpp in Sources */ = {isa = PBXBuildFile; fileRef = 944ECF382B8A2A3B001E8CF5 /* game.cpp */; };
		944ECF3B2B8A2A96001E8CF5 /* move.cpp in Sources */ = {isa = PBXBuildFile; fileRef = 944ECF3A2B8A2A96001E8CF5 /* move.cpp */; };
		944ECF3D2B8A2AD5001E8CF5 /* position.cpp in Sources */ = {isa = PBXBuildFile; fileRef = 944ECF3C2B8A2AD5001E8CF5 /* position.cpp */; };
		944ECF3F2B8A2B1F001E8CF5 /* random_ai.cpp in Sources */ = {isa = PBXBuildFile; fileRef = 944ECF3E2B8A2B1F001E8CF5 /* random_ai.cpp */; };
		944ECF472B8B65C5001E8CF5 /* Searcher.cpp in Sources */ = {isa = PBXBuildFile; fileRef = 944ECF432B8B65C5001E8CF5 /* Searcher.cpp */; };
		944ECF482B8B65C5001E8CF5 /* RandomSearcher.cpp in Sources */ = {isa = PBXBuildFile; fileRef = 944ECF442B8B65C5001E8CF5 /* RandomSearcher.cpp */; };
		944ECF562B8B66B5001E8CF5 /* MoveGenerator.cpp in Sources */ = {isa = PBXBuildFile; fileRef = 944ECF512B8B66B5001E8CF5 /* MoveGenerator.cpp */; };
		944ECF572B8B66B5001E8CF5 /* Move.cpp in Sources */ = {isa = PBXBuildFile; fileRef = 944ECF532B8B66B5001E8CF5 /* Move.cpp */; };
		944ECF582B8B66B5001E8CF5 /* MoveTable.cpp in Sources */ = {isa = PBXBuildFile; fileRef = 944ECF542B8B66B5001E8CF5 /* MoveTable.cpp */; };
		944ECF5C2B8B66EA001E8CF5 /* Logger.cpp in Sources */ = {isa = PBXBuildFile; fileRef = 944ECF5A2B8B66EA001E8CF5 /* Logger.cpp */; };
		944ECF622B8B6708001E8CF5 /* Piece.cpp in Sources */ = {isa = PBXBuildFile; fileRef = 944ECF5F2B8B6708001E8CF5 /* Piece.cpp */; };
		944ECF632B8B6708001E8CF5 /* Square.cpp in Sources */ = {isa = PBXBuildFile; fileRef = 944ECF612B8B6708001E8CF5 /* Square.cpp */; };
		944ECF6C2B8B671E001E8CF5 /* Bitboard.cpp in Sources */ = {isa = PBXBuildFile; fileRef = 944ECF662B8B671E001E8CF5 /* Bitboard.cpp */; };
		944ECF6D2B8B671E001E8CF5 /* Zobrist.cpp in Sources */ = {isa = PBXBuildFile; fileRef = 944ECF682B8B671E001E8CF5 /* Zobrist.cpp */; };
		944ECF6E2B8B671E001E8CF5 /* Board.cpp in Sources */ = {isa = PBXBuildFile; fileRef = 944ECF6B2B8B671E001E8CF5 /* Board.cpp */; };
		944ECF7A2B8B673D001E8CF5 /* Wildcard.cpp in Sources */ = {isa = PBXBuildFile; fileRef = 944ECF742B8B673C001E8CF5 /* Wildcard.cpp */; };
		944ECF7B2B8B673D001E8CF5 /* FileList.cpp in Sources */ = {isa = PBXBuildFile; fileRef = 944ECF762B8B673C001E8CF5 /* FileList.cpp */; };
		944ECF7C2B8B673D001E8CF5 /* Data.cpp in Sources */ = {isa = PBXBuildFile; fileRef = 944ECF792B8B673C001E8CF5 /* Data.cpp */; };
		944ECF862B8B6765001E8CF5 /* Material.cpp in Sources */ = {isa = PBXBuildFile; fileRef = 944ECF7E2B8B6764001E8CF5 /* Material.cpp */; };
		944ECF872B8B6765001E8CF5 /* Evaluator.cpp in Sources */ = {isa = PBXBuildFile; fileRef = 944ECF822B8B6764001E8CF5 /* Evaluator.cpp */; };
		944ECF8E2B8B678F001E8CF5 /* Mate.cpp in Sources */ = {isa = PBXBuildFile; fileRef = 944ECF8B2B8B678F001E8CF5 /* Mate.cpp */; };
		944ECF9B2B8B67E5001E8CF5 /* Progression.cpp in Sources */ = {isa = PBXBuildFile; fileRef = 944ECF992B8B67E4001E8CF5 /* Progression.cpp */; };
		944ECF9F2B8B67ED001E8CF5 /* See.cpp in Sources */ = {isa = PBXBuildFile; fileRef = 944ECF9D2B8B67ED001E8CF5 /* See.cpp */; };
		944ECFA52B8B67FE001E8CF5 /* TimeManager.cpp in Sources */ = {isa = PBXBuildFile; fileRef = 944ECFA42B8B67FE001E8CF5 /* TimeManager.cpp */; };
		944ECFAD2B8B6804001E8CF5 /* Worker.cpp in Sources */ = {isa = PBXBuildFile; fileRef = 944ECFA72B8B6804001E8CF5 /* Worker.cpp */; };
		944ECFAE2B8B6804001E8CF5 /* Tree.cpp in Sources */ = {isa = PBXBuildFile; fileRef = 944ECFAA2B8B6804001E8CF5 /* Tree.cpp */; };
		944ECFB32B8B680A001E8CF5 /* TTE.cpp in Sources */ = {isa = PBXBuildFile; fileRef = 944ECFB12B8B680A001E8CF5 /* TTE.cpp */; };
		944ECFB52B8B688F001E8CF5 /* sunfish3_ai.cpp in Sources */ = {isa = PBXBuildFile; fileRef = 944ECFB42B8B688F001E8CF5 /* sunfish3_ai.cpp */; };
		944ECFBD2B8B6A7C001E8CF5 /* CsaReader.cpp in Sources */ = {isa = PBXBuildFile; fileRef = 944ECFB72B8B6A7C001E8CF5 /* CsaReader.cpp */; };
		944ECFBE2B8B6A7C001E8CF5 /* CsaWriter.cpp in Sources */ = {isa = PBXBuildFile; fileRef = 944ECFBA2B8B6A7C001E8CF5 /* CsaWriter.cpp */; };
		944ECFBF2B8B6A7C001E8CF5 /* Record.cpp in Sources */ = {isa = PBXBuildFile; fileRef = 944ECFBB2B8B6A7C001E8CF5 /* Record.cpp */; };
		946220072B82FA780094B015 /* voice.wav in Resources */ = {isa = PBXBuildFile; fileRef = 946220062B82FA780094B015 /* voice.wav */; };
		946220092B832FED0094B015 /* Reader.swift in Sources */ = {isa = PBXBuildFile; fileRef = 946220082B832FED0094B015 /* Reader.swift */; };
		9462200B2B8331AF0094B015 /* ShogiCameraInput+Utility.swift in Sources */ = {isa = PBXBuildFile; fileRef = 9462200A2B8331AF0094B015 /* ShogiCameraInput+Utility.swift */; };
		9462200D2B8331E20094B015 /* OpenCV+Utility.swift in Sources */ = {isa = PBXBuildFile; fileRef = 9462200C2B8331E20094B015 /* OpenCV+Utility.swift */; };
		9462200F2B85F2C30094B015 /* piece_book.cpp in Sources */ = {isa = PBXBuildFile; fileRef = 9462200E2B85F2C30094B015 /* piece_book.cpp */; };
		946220112B85F32B0094B015 /* statistics.cpp in Sources */ = {isa = PBXBuildFile; fileRef = 946220102B85F32B0094B015 /* statistics.cpp */; };
		946220132B85F47E0094B015 /* img.cpp in Sources */ = {isa = PBXBuildFile; fileRef = 946220122B85F47E0094B015 /* img.cpp */; };
		94BB05042B81FC81003FB8B8 /* main.cpp in Sources */ = {isa = PBXBuildFile; fileRef = 94BB05032B81FC81003FB8B8 /* main.cpp */; };
		94BB050C2B82010D003FB8B8 /* opencv2.framework in Frameworks */ = {isa = PBXBuildFile; fileRef = 94BB050B2B82010D003FB8B8 /* opencv2.framework */; };
		94BB05102B8204CA003FB8B8 /* OpenCL.framework in Frameworks */ = {isa = PBXBuildFile; fileRef = 94BB050F2B8204CA003FB8B8 /* OpenCL.framework */; };
		94BB05122B820529003FB8B8 /* Accelerate.framework in Frameworks */ = {isa = PBXBuildFile; fileRef = 94BB05112B820529003FB8B8 /* Accelerate.framework */; };
		94BB05142B829A3A003FB8B8 /* AppKit.framework in Frameworks */ = {isa = PBXBuildFile; fileRef = 94BB05132B829A3A003FB8B8 /* AppKit.framework */; };
/* End PBXBuildFile section */

/* Begin PBXFileReference section */
		940A14AE2B7A9DE9006E2D01 /* shogi-camera-input-demo.app */ = {isa = PBXFileReference; explicitFileType = wrapper.application; includeInIndex = 0; path = "shogi-camera-input-demo.app"; sourceTree = BUILT_PRODUCTS_DIR; };
		940A14B12B7A9DE9006E2D01 /* AppDelegate.swift */ = {isa = PBXFileReference; lastKnownFileType = sourcecode.swift; path = AppDelegate.swift; sourceTree = "<group>"; };
		940A14B32B7A9DE9006E2D01 /* SceneDelegate.swift */ = {isa = PBXFileReference; lastKnownFileType = sourcecode.swift; path = SceneDelegate.swift; sourceTree = "<group>"; };
		940A14B52B7A9DE9006E2D01 /* ViewController.swift */ = {isa = PBXFileReference; lastKnownFileType = sourcecode.swift; path = ViewController.swift; sourceTree = "<group>"; };
		940A14B82B7A9DE9006E2D01 /* Base */ = {isa = PBXFileReference; lastKnownFileType = file.storyboard; name = Base; path = Base.lproj/Main.storyboard; sourceTree = "<group>"; };
		940A14BA2B7A9DEB006E2D01 /* Assets.xcassets */ = {isa = PBXFileReference; lastKnownFileType = folder.assetcatalog; path = Assets.xcassets; sourceTree = "<group>"; };
		940A14BD2B7A9DEB006E2D01 /* Base */ = {isa = PBXFileReference; lastKnownFileType = file.storyboard; name = Base; path = Base.lproj/LaunchScreen.storyboard; sourceTree = "<group>"; };
		940A14BF2B7A9DEB006E2D01 /* Info.plist */ = {isa = PBXFileReference; lastKnownFileType = text.plist.xml; path = Info.plist; sourceTree = "<group>"; };
		940A14C72B7AA079006E2D01 /* opencv2.xcframework */ = {isa = PBXFileReference; lastKnownFileType = wrapper.xcframework; name = opencv2.xcframework; path = ../../../build/opencv/build/opencv2.xcframework; sourceTree = "<group>"; };
		940A14CC2B7ABE9C006E2D01 /* shogi_camera_input.hpp */ = {isa = PBXFileReference; fileEncoding = 4; lastKnownFileType = sourcecode.cpp.h; name = shogi_camera_input.hpp; path = ../../../include/shogi_camera_input/shogi_camera_input.hpp; sourceTree = "<group>"; };
		940A14E72B7B2141006E2D01 /* shogi_camera_input.mm */ = {isa = PBXFileReference; fileEncoding = 4; lastKnownFileType = sourcecode.cpp.objcpp; name = shogi_camera_input.mm; path = ../../../src/objc/shogi_camera_input.mm; sourceTree = "<group>"; };
		940A14EA2B7B2152006E2D01 /* shogi_camera_input.cpp */ = {isa = PBXFileReference; lastKnownFileType = sourcecode.cpp.cpp; name = shogi_camera_input.cpp; path = ../../../src/shogi_camera_input.cpp; sourceTree = "<group>"; };
		940A14EC2B7D6E21006E2D01 /* module.modulemap */ = {isa = PBXFileReference; fileEncoding = 4; lastKnownFileType = "sourcecode.module-map"; name = module.modulemap; path = ../../../include/shogi_camera_input/module.modulemap; sourceTree = "<group>"; };
		940A14EE2B7D7C6E006E2D01 /* CoreAudioTypes.framework */ = {isa = PBXFileReference; lastKnownFileType = wrapper.framework; name = CoreAudioTypes.framework; path = System/Library/Frameworks/CoreAudioTypes.framework; sourceTree = SDKROOT; };
		940A14F22B7DEFF1006E2D01 /* DebugPreview.swift */ = {isa = PBXFileReference; fileEncoding = 4; lastKnownFileType = sourcecode.swift; path = DebugPreview.swift; sourceTree = "<group>"; };
		944ECF242B895A2C001E8CF5 /* test */ = {isa = PBXFileReference; explicitFileType = "compiled.mach-o.executable"; includeInIndex = 0; path = test; sourceTree = BUILT_PRODUCTS_DIR; };
		944ECF262B895A2C001E8CF5 /* main.cpp */ = {isa = PBXFileReference; lastKnownFileType = sourcecode.cpp.cpp; path = main.cpp; sourceTree = "<group>"; };
		944ECF362B8A287C001E8CF5 /* session.cpp */ = {isa = PBXFileReference; fileEncoding = 4; lastKnownFileType = sourcecode.cpp.cpp; name = session.cpp; path = ../../../src/session.cpp; sourceTree = "<group>"; };
		944ECF382B8A2A3B001E8CF5 /* game.cpp */ = {isa = PBXFileReference; fileEncoding = 4; lastKnownFileType = sourcecode.cpp.cpp; name = game.cpp; path = ../../../src/game.cpp; sourceTree = "<group>"; };
		944ECF3A2B8A2A96001E8CF5 /* move.cpp */ = {isa = PBXFileReference; fileEncoding = 4; lastKnownFileType = sourcecode.cpp.cpp; name = move.cpp; path = ../../../src/move.cpp; sourceTree = "<group>"; };
		944ECF3C2B8A2AD5001E8CF5 /* position.cpp */ = {isa = PBXFileReference; fileEncoding = 4; lastKnownFileType = sourcecode.cpp.cpp; name = position.cpp; path = ../../../src/position.cpp; sourceTree = "<group>"; };
		944ECF3E2B8A2B1F001E8CF5 /* random_ai.cpp */ = {isa = PBXFileReference; fileEncoding = 4; lastKnownFileType = sourcecode.cpp.cpp; name = random_ai.cpp; path = ../../../src/random_ai.cpp; sourceTree = "<group>"; };
		944ECF422B8B65C5001E8CF5 /* RandomSearcher.h */ = {isa = PBXFileReference; fileEncoding = 4; lastKnownFileType = sourcecode.c.h; name = RandomSearcher.h; path = ../../sunfish3/src/searcher/RandomSearcher.h; sourceTree = "<group>"; };
		944ECF432B8B65C5001E8CF5 /* Searcher.cpp */ = {isa = PBXFileReference; fileEncoding = 4; lastKnownFileType = sourcecode.cpp.cpp; name = Searcher.cpp; path = ../../sunfish3/src/searcher/Searcher.cpp; sourceTree = "<group>"; };
		944ECF442B8B65C5001E8CF5 /* RandomSearcher.cpp */ = {isa = PBXFileReference; fileEncoding = 4; lastKnownFileType = sourcecode.cpp.cpp; name = RandomSearcher.cpp; path = ../../sunfish3/src/searcher/RandomSearcher.cpp; sourceTree = "<group>"; };
		944ECF452B8B65C5001E8CF5 /* SearchInfo.h */ = {isa = PBXFileReference; fileEncoding = 4; lastKnownFileType = sourcecode.c.h; name = SearchInfo.h; path = ../../sunfish3/src/searcher/SearchInfo.h; sourceTree = "<group>"; };
		944ECF462B8B65C5001E8CF5 /* Searcher.h */ = {isa = PBXFileReference; fileEncoding = 4; lastKnownFileType = sourcecode.c.h; name = Searcher.h; path = ../../sunfish3/src/searcher/Searcher.h; sourceTree = "<group>"; };
		944ECF4B2B8B6618001E8CF5 /* sse.h */ = {isa = PBXFileReference; fileEncoding = 4; lastKnownFileType = sourcecode.c.h; name = sse.h; path = ../../sunfish3/src/core/sse.h; sourceTree = "<group>"; };
		944ECF4C2B8B6618001E8CF5 /* def.h */ = {isa = PBXFileReference; fileEncoding = 4; lastKnownFileType = sourcecode.c.h; name = def.h; path = ../../sunfish3/src/core/def.h; sourceTree = "<group>"; };
		944ECF4D2B8B6620001E8CF5 /* bmi.h */ = {isa = PBXFileReference; lastKnownFileType = sourcecode.c.h; name = bmi.h; path = ../../sunfish3/src/core/bmi.h; sourceTree = "<group>"; };
		944ECF4F2B8B66B5001E8CF5 /* Moves.h */ = {isa = PBXFileReference; fileEncoding = 4; lastKnownFileType = sourcecode.c.h; name = Moves.h; path = ../../sunfish3/src/core/move/Moves.h; sourceTree = "<group>"; };
		944ECF502B8B66B5001E8CF5 /* Move.h */ = {isa = PBXFileReference; fileEncoding = 4; lastKnownFileType = sourcecode.c.h; name = Move.h; path = ../../sunfish3/src/core/move/Move.h; sourceTree = "<group>"; };
		944ECF512B8B66B5001E8CF5 /* MoveGenerator.cpp */ = {isa = PBXFileReference; fileEncoding = 4; lastKnownFileType = sourcecode.cpp.cpp; name = MoveGenerator.cpp; path = ../../sunfish3/src/core/move/MoveGenerator.cpp; sourceTree = "<group>"; };
		944ECF522B8B66B5001E8CF5 /* MoveTable.h */ = {isa = PBXFileReference; fileEncoding = 4; lastKnownFileType = sourcecode.c.h; name = MoveTable.h; path = ../../sunfish3/src/core/move/MoveTable.h; sourceTree = "<group>"; };
		944ECF532B8B66B5001E8CF5 /* Move.cpp */ = {isa = PBXFileReference; fileEncoding = 4; lastKnownFileType = sourcecode.cpp.cpp; name = Move.cpp; path = ../../sunfish3/src/core/move/Move.cpp; sourceTree = "<group>"; };
		944ECF542B8B66B5001E8CF5 /* MoveTable.cpp */ = {isa = PBXFileReference; fileEncoding = 4; lastKnownFileType = sourcecode.cpp.cpp; name = MoveTable.cpp; path = ../../sunfish3/src/core/move/MoveTable.cpp; sourceTree = "<group>"; };
		944ECF552B8B66B5001E8CF5 /* MoveGenerator.h */ = {isa = PBXFileReference; fileEncoding = 4; lastKnownFileType = sourcecode.c.h; name = MoveGenerator.h; path = ../../sunfish3/src/core/move/MoveGenerator.h; sourceTree = "<group>"; };
		944ECF5A2B8B66EA001E8CF5 /* Logger.cpp */ = {isa = PBXFileReference; fileEncoding = 4; lastKnownFileType = sourcecode.cpp.cpp; name = Logger.cpp; path = ../../sunfish3/src/logger/Logger.cpp; sourceTree = "<group>"; };
		944ECF5B2B8B66EA001E8CF5 /* Logger.h */ = {isa = PBXFileReference; fileEncoding = 4; lastKnownFileType = sourcecode.c.h; name = Logger.h; path = ../../sunfish3/src/logger/Logger.h; sourceTree = "<group>"; };
		944ECF5E2B8B6708001E8CF5 /* Square.h */ = {isa = PBXFileReference; fileEncoding = 4; lastKnownFileType = sourcecode.c.h; name = Square.h; path = ../../sunfish3/src/core/base/Square.h; sourceTree = "<group>"; };
		944ECF5F2B8B6708001E8CF5 /* Piece.cpp */ = {isa = PBXFileReference; fileEncoding = 4; lastKnownFileType = sourcecode.cpp.cpp; name = Piece.cpp; path = ../../sunfish3/src/core/base/Piece.cpp; sourceTree = "<group>"; };
		944ECF602B8B6708001E8CF5 /* Piece.h */ = {isa = PBXFileReference; fileEncoding = 4; lastKnownFileType = sourcecode.c.h; name = Piece.h; path = ../../sunfish3/src/core/base/Piece.h; sourceTree = "<group>"; };
		944ECF612B8B6708001E8CF5 /* Square.cpp */ = {isa = PBXFileReference; fileEncoding = 4; lastKnownFileType = sourcecode.cpp.cpp; name = Square.cpp; path = ../../sunfish3/src/core/base/Square.cpp; sourceTree = "<group>"; };
		944ECF652B8B671E001E8CF5 /* Zobrist.h */ = {isa = PBXFileReference; fileEncoding = 4; lastKnownFileType = sourcecode.c.h; name = Zobrist.h; path = ../../sunfish3/src/core/board/Zobrist.h; sourceTree = "<group>"; };
		944ECF662B8B671E001E8CF5 /* Bitboard.cpp */ = {isa = PBXFileReference; fileEncoding = 4; lastKnownFileType = sourcecode.cpp.cpp; name = Bitboard.cpp; path = ../../sunfish3/src/core/board/Bitboard.cpp; sourceTree = "<group>"; };
		944ECF672B8B671E001E8CF5 /* Bitboard.h */ = {isa = PBXFileReference; fileEncoding = 4; lastKnownFileType = sourcecode.c.h; name = Bitboard.h; path = ../../sunfish3/src/core/board/Bitboard.h; sourceTree = "<group>"; };
		944ECF682B8B671E001E8CF5 /* Zobrist.cpp */ = {isa = PBXFileReference; fileEncoding = 4; lastKnownFileType = sourcecode.cpp.cpp; name = Zobrist.cpp; path = ../../sunfish3/src/core/board/Zobrist.cpp; sourceTree = "<group>"; };
		944ECF692B8B671E001E8CF5 /* Hand.h */ = {isa = PBXFileReference; fileEncoding = 4; lastKnownFileType = sourcecode.c.h; name = Hand.h; path = ../../sunfish3/src/core/board/Hand.h; sourceTree = "<group>"; };
		944ECF6A2B8B671E001E8CF5 /* Board.h */ = {isa = PBXFileReference; fileEncoding = 4; lastKnownFileType = sourcecode.c.h; name = Board.h; path = ../../sunfish3/src/core/board/Board.h; sourceTree = "<group>"; };
		944ECF6B2B8B671E001E8CF5 /* Board.cpp */ = {isa = PBXFileReference; fileEncoding = 4; lastKnownFileType = sourcecode.cpp.cpp; name = Board.cpp; path = ../../sunfish3/src/core/board/Board.cpp; sourceTree = "<group>"; };
		944ECF702B8B673C001E8CF5 /* StringUtil.h */ = {isa = PBXFileReference; fileEncoding = 4; lastKnownFileType = sourcecode.c.h; name = StringUtil.h; path = ../../sunfish3/src/core/util/StringUtil.h; sourceTree = "<group>"; };
		944ECF712B8B673C001E8CF5 /* FileList.h */ = {isa = PBXFileReference; fileEncoding = 4; lastKnownFileType = sourcecode.c.h; name = FileList.h; path = ../../sunfish3/src/core/util/FileList.h; sourceTree = "<group>"; };
		944ECF722B8B673C001E8CF5 /* Data.h */ = {isa = PBXFileReference; fileEncoding = 4; lastKnownFileType = sourcecode.c.h; name = Data.h; path = ../../sunfish3/src/core/util/Data.h; sourceTree = "<group>"; };
		944ECF732B8B673C001E8CF5 /* Random.h */ = {isa = PBXFileReference; fileEncoding = 4; lastKnownFileType = sourcecode.c.h; name = Random.h; path = ../../sunfish3/src/core/util/Random.h; sourceTree = "<group>"; };
		944ECF742B8B673C001E8CF5 /* Wildcard.cpp */ = {isa = PBXFileReference; fileEncoding = 4; lastKnownFileType = sourcecode.cpp.cpp; name = Wildcard.cpp; path = ../../sunfish3/src/core/util/Wildcard.cpp; sourceTree = "<group>"; };
		944ECF752B8B673C001E8CF5 /* Memory.h */ = {isa = PBXFileReference; fileEncoding = 4; lastKnownFileType = sourcecode.c.h; name = Memory.h; path = ../../sunfish3/src/core/util/Memory.h; sourceTree = "<group>"; };
		944ECF762B8B673C001E8CF5 /* FileList.cpp */ = {isa = PBXFileReference; fileEncoding = 4; lastKnownFileType = sourcecode.cpp.cpp; name = FileList.cpp; path = ../../sunfish3/src/core/util/FileList.cpp; sourceTree = "<group>"; };
		944ECF772B8B673C001E8CF5 /* Timer.h */ = {isa = PBXFileReference; fileEncoding = 4; lastKnownFileType = sourcecode.c.h; name = Timer.h; path = ../../sunfish3/src/core/util/Timer.h; sourceTree = "<group>"; };
		944ECF782B8B673C001E8CF5 /* Wildcard.h */ = {isa = PBXFileReference; fileEncoding = 4; lastKnownFileType = sourcecode.c.h; name = Wildcard.h; path = ../../sunfish3/src/core/util/Wildcard.h; sourceTree = "<group>"; };
		944ECF792B8B673C001E8CF5 /* Data.cpp */ = {isa = PBXFileReference; fileEncoding = 4; lastKnownFileType = sourcecode.cpp.cpp; name = Data.cpp; path = ../../sunfish3/src/core/util/Data.cpp; sourceTree = "<group>"; };
		944ECF7E2B8B6764001E8CF5 /* Material.cpp */ = {isa = PBXFileReference; fileEncoding = 4; lastKnownFileType = sourcecode.cpp.cpp; name = Material.cpp; path = ../../sunfish3/src/searcher/eval/Material.cpp; sourceTree = "<group>"; };
		944ECF7F2B8B6764001E8CF5 /* Evaluator.h */ = {isa = PBXFileReference; fileEncoding = 4; lastKnownFileType = sourcecode.c.h; name = Evaluator.h; path = ../../sunfish3/src/searcher/eval/Evaluator.h; sourceTree = "<group>"; };
		944ECF802B8B6764001E8CF5 /* Value.h */ = {isa = PBXFileReference; fileEncoding = 4; lastKnownFileType = sourcecode.c.h; name = Value.h; path = ../../sunfish3/src/searcher/eval/Value.h; sourceTree = "<group>"; };
		944ECF812B8B6764001E8CF5 /* material_values.h */ = {isa = PBXFileReference; fileEncoding = 4; lastKnownFileType = sourcecode.c.h; name = material_values.h; path = ../../sunfish3/src/searcher/eval/material_values.h; sourceTree = "<group>"; };
		944ECF822B8B6764001E8CF5 /* Evaluator.cpp */ = {isa = PBXFileReference; fileEncoding = 4; lastKnownFileType = sourcecode.cpp.cpp; name = Evaluator.cpp; path = ../../sunfish3/src/searcher/eval/Evaluator.cpp; sourceTree = "<group>"; };
		944ECF832B8B6764001E8CF5 /* EvaluateTable.h */ = {isa = PBXFileReference; fileEncoding = 4; lastKnownFileType = sourcecode.c.h; name = EvaluateTable.h; path = ../../sunfish3/src/searcher/eval/EvaluateTable.h; sourceTree = "<group>"; };
		944ECF842B8B6764001E8CF5 /* EvaluateEntity.h */ = {isa = PBXFileReference; fileEncoding = 4; lastKnownFileType = sourcecode.c.h; name = EvaluateEntity.h; path = ../../sunfish3/src/searcher/eval/EvaluateEntity.h; sourceTree = "<group>"; };
		944ECF852B8B6765001E8CF5 /* Material.h */ = {isa = PBXFileReference; fileEncoding = 4; lastKnownFileType = sourcecode.c.h; name = Material.h; path = ../../sunfish3/src/searcher/eval/Material.h; sourceTree = "<group>"; };
		944ECF892B8B6777001E8CF5 /* History.h */ = {isa = PBXFileReference; lastKnownFileType = sourcecode.c.h; name = History.h; path = ../../sunfish3/src/searcher/history/History.h; sourceTree = "<group>"; };
		944ECF8B2B8B678F001E8CF5 /* Mate.cpp */ = {isa = PBXFileReference; fileEncoding = 4; lastKnownFileType = sourcecode.cpp.cpp; name = Mate.cpp; path = ../../sunfish3/src/searcher/mate/Mate.cpp; sourceTree = "<group>"; };
		944ECF8C2B8B678F001E8CF5 /* MateHistory.h */ = {isa = PBXFileReference; fileEncoding = 4; lastKnownFileType = sourcecode.c.h; name = MateHistory.h; path = ../../sunfish3/src/searcher/mate/MateHistory.h; sourceTree = "<group>"; };
		944ECF8D2B8B678F001E8CF5 /* Mate.h */ = {isa = PBXFileReference; fileEncoding = 4; lastKnownFileType = sourcecode.c.h; name = Mate.h; path = ../../sunfish3/src/searcher/mate/Mate.h; sourceTree = "<group>"; };
		944ECF942B8B67D2001E8CF5 /* HandSet.h */ = {isa = PBXFileReference; fileEncoding = 4; lastKnownFileType = sourcecode.c.h; path = HandSet.h; sourceTree = "<group>"; };
		944ECF952B8B67D2001E8CF5 /* ShekStat.h */ = {isa = PBXFileReference; fileEncoding = 4; lastKnownFileType = sourcecode.c.h; path = ShekStat.h; sourceTree = "<group>"; };
		944ECF962B8B67D2001E8CF5 /* ShekTable.h */ = {isa = PBXFileReference; fileEncoding = 4; lastKnownFileType = sourcecode.c.h; path = ShekTable.h; sourceTree = "<group>"; };
		944ECF972B8B67D2001E8CF5 /* ShekEntity.h */ = {isa = PBXFileReference; fileEncoding = 4; lastKnownFileType = sourcecode.c.h; path = ShekEntity.h; sourceTree = "<group>"; };
		944ECF992B8B67E4001E8CF5 /* Progression.cpp */ = {isa = PBXFileReference; fileEncoding = 4; lastKnownFileType = sourcecode.cpp.cpp; path = Progression.cpp; sourceTree = "<group>"; };
		944ECF9A2B8B67E4001E8CF5 /* Progression.h */ = {isa = PBXFileReference; fileEncoding = 4; lastKnownFileType = sourcecode.c.h; path = Progression.h; sourceTree = "<group>"; };
		944ECF9D2B8B67ED001E8CF5 /* See.cpp */ = {isa = PBXFileReference; fileEncoding = 4; lastKnownFileType = sourcecode.cpp.cpp; path = See.cpp; sourceTree = "<group>"; };
		944ECF9E2B8B67ED001E8CF5 /* See.h */ = {isa = PBXFileReference; fileEncoding = 4; lastKnownFileType = sourcecode.c.h; path = See.h; sourceTree = "<group>"; };
		944ECFA12B8B67F6001E8CF5 /* HashTable.h */ = {isa = PBXFileReference; fileEncoding = 4; lastKnownFileType = sourcecode.c.h; path = HashTable.h; sourceTree = "<group>"; };
		944ECFA32B8B67FE001E8CF5 /* TimeManager.h */ = {isa = PBXFileReference; fileEncoding = 4; lastKnownFileType = sourcecode.c.h; path = TimeManager.h; sourceTree = "<group>"; };
		944ECFA42B8B67FE001E8CF5 /* TimeManager.cpp */ = {isa = PBXFileReference; fileEncoding = 4; lastKnownFileType = sourcecode.cpp.cpp; path = TimeManager.cpp; sourceTree = "<group>"; };
		944ECFA72B8B6804001E8CF5 /* Worker.cpp */ = {isa = PBXFileReference; fileEncoding = 4; lastKnownFileType = sourcecode.cpp.cpp; path = Worker.cpp; sourceTree = "<group>"; };
		944ECFA82B8B6804001E8CF5 /* Tree.h */ = {isa = PBXFileReference; fileEncoding = 4; lastKnownFileType = sourcecode.c.h; path = Tree.h; sourceTree = "<group>"; };
		944ECFA92B8B6804001E8CF5 /* PV.h */ = {isa = PBXFileReference; fileEncoding = 4; lastKnownFileType = sourcecode.c.h; path = PV.h; sourceTree = "<group>"; };
		944ECFAA2B8B6804001E8CF5 /* Tree.cpp */ = {isa = PBXFileReference; fileEncoding = 4; lastKnownFileType = sourcecode.cpp.cpp; path = Tree.cpp; sourceTree = "<group>"; };
		944ECFAB2B8B6804001E8CF5 /* Worker.h */ = {isa = PBXFileReference; fileEncoding = 4; lastKnownFileType = sourcecode.c.h; path = Worker.h; sourceTree = "<group>"; };
		944ECFAC2B8B6804001E8CF5 /* NodeStat.h */ = {isa = PBXFileReference; fileEncoding = 4; lastKnownFileType = sourcecode.c.h; path = NodeStat.h; sourceTree = "<group>"; };
		944ECFB02B8B680A001E8CF5 /* TTE.h */ = {isa = PBXFileReference; fileEncoding = 4; lastKnownFileType = sourcecode.c.h; path = TTE.h; sourceTree = "<group>"; };
		944ECFB12B8B680A001E8CF5 /* TTE.cpp */ = {isa = PBXFileReference; fileEncoding = 4; lastKnownFileType = sourcecode.cpp.cpp; path = TTE.cpp; sourceTree = "<group>"; };
		944ECFB22B8B680A001E8CF5 /* TT.h */ = {isa = PBXFileReference; fileEncoding = 4; lastKnownFileType = sourcecode.c.h; path = TT.h; sourceTree = "<group>"; };
		944ECFB42B8B688F001E8CF5 /* sunfish3_ai.cpp */ = {isa = PBXFileReference; fileEncoding = 4; lastKnownFileType = sourcecode.cpp.cpp; name = sunfish3_ai.cpp; path = ../../../src/sunfish3_ai.cpp; sourceTree = "<group>"; };
		944ECFB72B8B6A7C001E8CF5 /* CsaReader.cpp */ = {isa = PBXFileReference; fileEncoding = 4; lastKnownFileType = sourcecode.cpp.cpp; path = CsaReader.cpp; sourceTree = "<group>"; };
		944ECFB82B8B6A7C001E8CF5 /* CsaReader.h */ = {isa = PBXFileReference; fileEncoding = 4; lastKnownFileType = sourcecode.c.h; path = CsaReader.h; sourceTree = "<group>"; };
		944ECFB92B8B6A7C001E8CF5 /* Record.h */ = {isa = PBXFileReference; fileEncoding = 4; lastKnownFileType = sourcecode.c.h; path = Record.h; sourceTree = "<group>"; };
		944ECFBA2B8B6A7C001E8CF5 /* CsaWriter.cpp */ = {isa = PBXFileReference; fileEncoding = 4; lastKnownFileType = sourcecode.cpp.cpp; path = CsaWriter.cpp; sourceTree = "<group>"; };
		944ECFBB2B8B6A7C001E8CF5 /* Record.cpp */ = {isa = PBXFileReference; fileEncoding = 4; lastKnownFileType = sourcecode.cpp.cpp; path = Record.cpp; sourceTree = "<group>"; };
		944ECFBC2B8B6A7C001E8CF5 /* CsaWriter.h */ = {isa = PBXFileReference; fileEncoding = 4; lastKnownFileType = sourcecode.c.h; path = CsaWriter.h; sourceTree = "<group>"; };
		946220062B82FA780094B015 /* voice.wav */ = {isa = PBXFileReference; lastKnownFileType = audio.wav; name = voice.wav; path = ../../../res/voice/voice.wav; sourceTree = "<group>"; };
		946220082B832FED0094B015 /* Reader.swift */ = {isa = PBXFileReference; fileEncoding = 4; lastKnownFileType = sourcecode.swift; path = Reader.swift; sourceTree = "<group>"; };
		9462200A2B8331AF0094B015 /* ShogiCameraInput+Utility.swift */ = {isa = PBXFileReference; fileEncoding = 4; lastKnownFileType = sourcecode.swift; path = "ShogiCameraInput+Utility.swift"; sourceTree = "<group>"; };
		9462200C2B8331E20094B015 /* OpenCV+Utility.swift */ = {isa = PBXFileReference; fileEncoding = 4; lastKnownFileType = sourcecode.swift; path = "OpenCV+Utility.swift"; sourceTree = "<group>"; };
		9462200E2B85F2C30094B015 /* piece_book.cpp */ = {isa = PBXFileReference; fileEncoding = 4; lastKnownFileType = sourcecode.cpp.cpp; name = piece_book.cpp; path = ../../../src/piece_book.cpp; sourceTree = "<group>"; };
		946220102B85F32B0094B015 /* statistics.cpp */ = {isa = PBXFileReference; fileEncoding = 4; lastKnownFileType = sourcecode.cpp.cpp; name = statistics.cpp; path = ../../../src/statistics.cpp; sourceTree = "<group>"; };
		946220122B85F47E0094B015 /* img.cpp */ = {isa = PBXFileReference; fileEncoding = 4; lastKnownFileType = sourcecode.cpp.cpp; name = img.cpp; path = ../../../src/img.cpp; sourceTree = "<group>"; };
		94BB04FC2B81F78E003FB8B8 /* base64.hpp */ = {isa = PBXFileReference; lastKnownFileType = sourcecode.cpp.h; name = base64.hpp; path = ../../../include/shogi_camera_input/base64.hpp; sourceTree = "<group>"; };
		94BB05012B81FC81003FB8B8 /* opencv-study */ = {isa = PBXFileReference; explicitFileType = "compiled.mach-o.executable"; includeInIndex = 0; path = "opencv-study"; sourceTree = BUILT_PRODUCTS_DIR; };
		94BB05032B81FC81003FB8B8 /* main.cpp */ = {isa = PBXFileReference; lastKnownFileType = sourcecode.cpp.cpp; path = main.cpp; sourceTree = "<group>"; };
		94BB050B2B82010D003FB8B8 /* opencv2.framework */ = {isa = PBXFileReference; lastKnownFileType = wrapper.framework; name = opencv2.framework; path = ../../../build/opencv/build/opencv2.framework; sourceTree = "<group>"; };
		94BB050F2B8204CA003FB8B8 /* OpenCL.framework */ = {isa = PBXFileReference; lastKnownFileType = wrapper.framework; name = OpenCL.framework; path = Platforms/MacOSX.platform/Developer/SDKs/MacOSX14.2.sdk/System/Library/Frameworks/OpenCL.framework; sourceTree = DEVELOPER_DIR; };
		94BB05112B820529003FB8B8 /* Accelerate.framework */ = {isa = PBXFileReference; lastKnownFileType = wrapper.framework; name = Accelerate.framework; path = Platforms/MacOSX.platform/Developer/SDKs/MacOSX14.2.sdk/System/Library/Frameworks/Accelerate.framework; sourceTree = DEVELOPER_DIR; };
		94BB05132B829A3A003FB8B8 /* AppKit.framework */ = {isa = PBXFileReference; lastKnownFileType = wrapper.framework; name = AppKit.framework; path = Platforms/MacOSX.platform/Developer/SDKs/MacOSX14.2.sdk/System/Library/Frameworks/AppKit.framework; sourceTree = DEVELOPER_DIR; };
/* End PBXFileReference section */

/* Begin PBXFrameworksBuildPhase section */
		940A14AB2B7A9DE9006E2D01 /* Frameworks */ = {
			isa = PBXFrameworksBuildPhase;
			buildActionMask = 2147483647;
			files = (
				940A14C82B7AA079006E2D01 /* opencv2.xcframework in Frameworks */,
			);
			runOnlyForDeploymentPostprocessing = 0;
		};
		944ECF212B895A2C001E8CF5 /* Frameworks */ = {
			isa = PBXFrameworksBuildPhase;
			buildActionMask = 2147483647;
			files = (
				944ECF302B895BBB001E8CF5 /* AppKit.framework in Frameworks */,
				944ECF312B895BC0001E8CF5 /* OpenCL.framework in Frameworks */,
				944ECF2E2B895B65001E8CF5 /* opencv2.framework in Frameworks */,
				944ECF2F2B895BB6001E8CF5 /* Accelerate.framework in Frameworks */,
			);
			runOnlyForDeploymentPostprocessing = 0;
		};
		94BB04FE2B81FC81003FB8B8 /* Frameworks */ = {
			isa = PBXFrameworksBuildPhase;
			buildActionMask = 2147483647;
			files = (
				94BB05122B820529003FB8B8 /* Accelerate.framework in Frameworks */,
				94BB05142B829A3A003FB8B8 /* AppKit.framework in Frameworks */,
				94BB050C2B82010D003FB8B8 /* opencv2.framework in Frameworks */,
				94BB05102B8204CA003FB8B8 /* OpenCL.framework in Frameworks */,
			);
			runOnlyForDeploymentPostprocessing = 0;
		};
/* End PBXFrameworksBuildPhase section */

/* Begin PBXGroup section */
		940A14A52B7A9DE9006E2D01 = {
			isa = PBXGroup;
			children = (
				940A14B02B7A9DE9006E2D01 /* shogi-camera-input-demo */,
				94BB05022B81FC81003FB8B8 /* opencv-study */,
				944ECF252B895A2C001E8CF5 /* test */,
				940A14AF2B7A9DE9006E2D01 /* Products */,
				940A14ED2B7D7C6E006E2D01 /* Frameworks */,
			);
			sourceTree = "<group>";
		};
		940A14AF2B7A9DE9006E2D01 /* Products */ = {
			isa = PBXGroup;
			children = (
				940A14AE2B7A9DE9006E2D01 /* shogi-camera-input-demo.app */,
				94BB05012B81FC81003FB8B8 /* opencv-study */,
				944ECF242B895A2C001E8CF5 /* test */,
			);
			name = Products;
			sourceTree = "<group>";
		};
		940A14B02B7A9DE9006E2D01 /* shogi-camera-input-demo */ = {
			isa = PBXGroup;
			children = (
				944ECF402B8B6590001E8CF5 /* sunfish3 */,
				940A14C72B7AA079006E2D01 /* opencv2.xcframework */,
				94BB050B2B82010D003FB8B8 /* opencv2.framework */,
				940A14B12B7A9DE9006E2D01 /* AppDelegate.swift */,
				940A14B32B7A9DE9006E2D01 /* SceneDelegate.swift */,
				940A14B52B7A9DE9006E2D01 /* ViewController.swift */,
				940A14F22B7DEFF1006E2D01 /* DebugPreview.swift */,
				940A14B72B7A9DE9006E2D01 /* Main.storyboard */,
				940A14BA2B7A9DEB006E2D01 /* Assets.xcassets */,
				940A14BC2B7A9DEB006E2D01 /* LaunchScreen.storyboard */,
				940A14BF2B7A9DEB006E2D01 /* Info.plist */,
				940A14E72B7B2141006E2D01 /* shogi_camera_input.mm */,
				94BB04FC2B81F78E003FB8B8 /* base64.hpp */,
				940A14EC2B7D6E21006E2D01 /* module.modulemap */,
				946220062B82FA780094B015 /* voice.wav */,
				946220082B832FED0094B015 /* Reader.swift */,
				9462200A2B8331AF0094B015 /* ShogiCameraInput+Utility.swift */,
				9462200C2B8331E20094B015 /* OpenCV+Utility.swift */,
				940A14CC2B7ABE9C006E2D01 /* shogi_camera_input.hpp */,
				940A14EA2B7B2152006E2D01 /* shogi_camera_input.cpp */,
				9462200E2B85F2C30094B015 /* piece_book.cpp */,
				946220102B85F32B0094B015 /* statistics.cpp */,
				946220122B85F47E0094B015 /* img.cpp */,
				944ECF362B8A287C001E8CF5 /* session.cpp */,
				944ECF382B8A2A3B001E8CF5 /* game.cpp */,
				944ECF3A2B8A2A96001E8CF5 /* move.cpp */,
				944ECF3C2B8A2AD5001E8CF5 /* position.cpp */,
				944ECF3E2B8A2B1F001E8CF5 /* random_ai.cpp */,
				944ECFB42B8B688F001E8CF5 /* sunfish3_ai.cpp */,
			);
			path = "shogi-camera-input-demo";
			sourceTree = "<group>";
		};
		940A14ED2B7D7C6E006E2D01 /* Frameworks */ = {
			isa = PBXGroup;
			children = (
				94BB05132B829A3A003FB8B8 /* AppKit.framework */,
				94BB05112B820529003FB8B8 /* Accelerate.framework */,
				94BB050F2B8204CA003FB8B8 /* OpenCL.framework */,
				940A14EE2B7D7C6E006E2D01 /* CoreAudioTypes.framework */,
			);
			name = Frameworks;
			sourceTree = "<group>";
		};
		944ECF252B895A2C001E8CF5 /* test */ = {
			isa = PBXGroup;
			children = (
				944ECF262B895A2C001E8CF5 /* main.cpp */,
			);
			path = test;
			sourceTree = "<group>";
		};
		944ECF402B8B6590001E8CF5 /* sunfish3 */ = {
			isa = PBXGroup;
			children = (
				944ECF592B8B66D7001E8CF5 /* logger */,
				944ECF4A2B8B65E6001E8CF5 /* core */,
				944ECF412B8B65B5001E8CF5 /* searcher */,
			);
			name = sunfish3;
			sourceTree = "<group>";
		};
		944ECF412B8B65B5001E8CF5 /* searcher */ = {
			isa = PBXGroup;
			children = (
				944ECFAF2B8B680A001E8CF5 /* tt */,
				944ECFA62B8B6804001E8CF5 /* tree */,
				944ECFA22B8B67FE001E8CF5 /* time */,
				944ECFA02B8B67F6001E8CF5 /* table */,
				944ECF9C2B8B67ED001E8CF5 /* see */,
				944ECF982B8B67E4001E8CF5 /* progress */,
				944ECF932B8B67D2001E8CF5 /* shek */,
				944ECF8A2B8B6784001E8CF5 /* mate */,
				944ECF882B8B6769001E8CF5 /* history */,
				944ECF7D2B8B6759001E8CF5 /* eval */,
				944ECF442B8B65C5001E8CF5 /* RandomSearcher.cpp */,
				944ECF422B8B65C5001E8CF5 /* RandomSearcher.h */,
				944ECF432B8B65C5001E8CF5 /* Searcher.cpp */,
				944ECF462B8B65C5001E8CF5 /* Searcher.h */,
				944ECF452B8B65C5001E8CF5 /* SearchInfo.h */,
			);
			name = searcher;
			sourceTree = "<group>";
		};
		944ECF4A2B8B65E6001E8CF5 /* core */ = {
			isa = PBXGroup;
			children = (
				944ECFB62B8B6A7C001E8CF5 /* record */,
				944ECF6F2B8B6730001E8CF5 /* util */,
				944ECF642B8B6714001E8CF5 /* board */,
				944ECF5D2B8B66FB001E8CF5 /* base */,
				944ECF4E2B8B66A9001E8CF5 /* move */,
				944ECF4D2B8B6620001E8CF5 /* bmi.h */,
				944ECF4C2B8B6618001E8CF5 /* def.h */,
				944ECF4B2B8B6618001E8CF5 /* sse.h */,
			);
			name = core;
			sourceTree = "<group>";
		};
		944ECF4E2B8B66A9001E8CF5 /* move */ = {
			isa = PBXGroup;
			children = (
				944ECF532B8B66B5001E8CF5 /* Move.cpp */,
				944ECF502B8B66B5001E8CF5 /* Move.h */,
				944ECF512B8B66B5001E8CF5 /* MoveGenerator.cpp */,
				944ECF552B8B66B5001E8CF5 /* MoveGenerator.h */,
				944ECF4F2B8B66B5001E8CF5 /* Moves.h */,
				944ECF542B8B66B5001E8CF5 /* MoveTable.cpp */,
				944ECF522B8B66B5001E8CF5 /* MoveTable.h */,
			);
			name = move;
			sourceTree = "<group>";
		};
		944ECF592B8B66D7001E8CF5 /* logger */ = {
			isa = PBXGroup;
			children = (
				944ECF5A2B8B66EA001E8CF5 /* Logger.cpp */,
				944ECF5B2B8B66EA001E8CF5 /* Logger.h */,
			);
			name = logger;
			sourceTree = "<group>";
		};
		944ECF5D2B8B66FB001E8CF5 /* base */ = {
			isa = PBXGroup;
			children = (
				944ECF5F2B8B6708001E8CF5 /* Piece.cpp */,
				944ECF602B8B6708001E8CF5 /* Piece.h */,
				944ECF612B8B6708001E8CF5 /* Square.cpp */,
				944ECF5E2B8B6708001E8CF5 /* Square.h */,
			);
			name = base;
			sourceTree = "<group>";
		};
		944ECF642B8B6714001E8CF5 /* board */ = {
			isa = PBXGroup;
			children = (
				944ECF662B8B671E001E8CF5 /* Bitboard.cpp */,
				944ECF672B8B671E001E8CF5 /* Bitboard.h */,
				944ECF6B2B8B671E001E8CF5 /* Board.cpp */,
				944ECF6A2B8B671E001E8CF5 /* Board.h */,
				944ECF692B8B671E001E8CF5 /* Hand.h */,
				944ECF682B8B671E001E8CF5 /* Zobrist.cpp */,
				944ECF652B8B671E001E8CF5 /* Zobrist.h */,
			);
			name = board;
			sourceTree = "<group>";
		};
		944ECF6F2B8B6730001E8CF5 /* util */ = {
			isa = PBXGroup;
			children = (
				944ECF792B8B673C001E8CF5 /* Data.cpp */,
				944ECF722B8B673C001E8CF5 /* Data.h */,
				944ECF762B8B673C001E8CF5 /* FileList.cpp */,
				944ECF712B8B673C001E8CF5 /* FileList.h */,
				944ECF752B8B673C001E8CF5 /* Memory.h */,
				944ECF732B8B673C001E8CF5 /* Random.h */,
				944ECF702B8B673C001E8CF5 /* StringUtil.h */,
				944ECF772B8B673C001E8CF5 /* Timer.h */,
				944ECF742B8B673C001E8CF5 /* Wildcard.cpp */,
				944ECF782B8B673C001E8CF5 /* Wildcard.h */,
			);
			name = util;
			sourceTree = "<group>";
		};
		944ECF7D2B8B6759001E8CF5 /* eval */ = {
			isa = PBXGroup;
			children = (
				944ECF842B8B6764001E8CF5 /* EvaluateEntity.h */,
				944ECF832B8B6764001E8CF5 /* EvaluateTable.h */,
				944ECF822B8B6764001E8CF5 /* Evaluator.cpp */,
				944ECF7F2B8B6764001E8CF5 /* Evaluator.h */,
				944ECF812B8B6764001E8CF5 /* material_values.h */,
				944ECF7E2B8B6764001E8CF5 /* Material.cpp */,
				944ECF852B8B6765001E8CF5 /* Material.h */,
				944ECF802B8B6764001E8CF5 /* Value.h */,
			);
			name = eval;
			sourceTree = "<group>";
		};
		944ECF882B8B6769001E8CF5 /* history */ = {
			isa = PBXGroup;
			children = (
				944ECF892B8B6777001E8CF5 /* History.h */,
			);
			name = history;
			sourceTree = "<group>";
		};
		944ECF8A2B8B6784001E8CF5 /* mate */ = {
			isa = PBXGroup;
			children = (
				944ECF8B2B8B678F001E8CF5 /* Mate.cpp */,
				944ECF8D2B8B678F001E8CF5 /* Mate.h */,
				944ECF8C2B8B678F001E8CF5 /* MateHistory.h */,
			);
			name = mate;
			sourceTree = "<group>";
		};
		944ECF932B8B67D2001E8CF5 /* shek */ = {
			isa = PBXGroup;
			children = (
				944ECF942B8B67D2001E8CF5 /* HandSet.h */,
				944ECF952B8B67D2001E8CF5 /* ShekStat.h */,
				944ECF962B8B67D2001E8CF5 /* ShekTable.h */,
				944ECF972B8B67D2001E8CF5 /* ShekEntity.h */,
			);
			name = shek;
			path = ../../sunfish3/src/searcher/shek;
			sourceTree = "<group>";
		};
		944ECF982B8B67E4001E8CF5 /* progress */ = {
			isa = PBXGroup;
			children = (
				944ECF992B8B67E4001E8CF5 /* Progression.cpp */,
				944ECF9A2B8B67E4001E8CF5 /* Progression.h */,
			);
			name = progress;
			path = ../../sunfish3/src/searcher/progress;
			sourceTree = "<group>";
		};
		944ECF9C2B8B67ED001E8CF5 /* see */ = {
			isa = PBXGroup;
			children = (
				944ECF9D2B8B67ED001E8CF5 /* See.cpp */,
				944ECF9E2B8B67ED001E8CF5 /* See.h */,
			);
			name = see;
			path = ../../sunfish3/src/searcher/see;
			sourceTree = "<group>";
		};
		944ECFA02B8B67F6001E8CF5 /* table */ = {
			isa = PBXGroup;
			children = (
				944ECFA12B8B67F6001E8CF5 /* HashTable.h */,
			);
			name = table;
			path = ../../sunfish3/src/searcher/table;
			sourceTree = "<group>";
		};
		944ECFA22B8B67FE001E8CF5 /* time */ = {
			isa = PBXGroup;
			children = (
				944ECFA32B8B67FE001E8CF5 /* TimeManager.h */,
				944ECFA42B8B67FE001E8CF5 /* TimeManager.cpp */,
			);
			name = time;
			path = ../../sunfish3/src/searcher/time;
			sourceTree = "<group>";
		};
		944ECFA62B8B6804001E8CF5 /* tree */ = {
			isa = PBXGroup;
			children = (
				944ECFA72B8B6804001E8CF5 /* Worker.cpp */,
				944ECFA82B8B6804001E8CF5 /* Tree.h */,
				944ECFA92B8B6804001E8CF5 /* PV.h */,
				944ECFAA2B8B6804001E8CF5 /* Tree.cpp */,
				944ECFAB2B8B6804001E8CF5 /* Worker.h */,
				944ECFAC2B8B6804001E8CF5 /* NodeStat.h */,
			);
			name = tree;
			path = ../../sunfish3/src/searcher/tree;
			sourceTree = "<group>";
		};
		944ECFAF2B8B680A001E8CF5 /* tt */ = {
			isa = PBXGroup;
			children = (
				944ECFB02B8B680A001E8CF5 /* TTE.h */,
				944ECFB12B8B680A001E8CF5 /* TTE.cpp */,
				944ECFB22B8B680A001E8CF5 /* TT.h */,
			);
			name = tt;
			path = ../../sunfish3/src/searcher/tt;
			sourceTree = "<group>";
		};
		944ECFB62B8B6A7C001E8CF5 /* record */ = {
			isa = PBXGroup;
			children = (
				944ECFB72B8B6A7C001E8CF5 /* CsaReader.cpp */,
				944ECFB82B8B6A7C001E8CF5 /* CsaReader.h */,
				944ECFB92B8B6A7C001E8CF5 /* Record.h */,
				944ECFBA2B8B6A7C001E8CF5 /* CsaWriter.cpp */,
				944ECFBB2B8B6A7C001E8CF5 /* Record.cpp */,
				944ECFBC2B8B6A7C001E8CF5 /* CsaWriter.h */,
			);
			name = record;
			path = ../../sunfish3/src/core/record;
			sourceTree = "<group>";
		};
		94BB05022B81FC81003FB8B8 /* opencv-study */ = {
			isa = PBXGroup;
			children = (
				94BB05032B81FC81003FB8B8 /* main.cpp */,
			);
			path = "opencv-study";
			sourceTree = "<group>";
		};
/* End PBXGroup section */

/* Begin PBXNativeTarget section */
		940A14AD2B7A9DE9006E2D01 /* shogi-camera-input-demo */ = {
			isa = PBXNativeTarget;
			buildConfigurationList = 940A14C22B7A9DEB006E2D01 /* Build configuration list for PBXNativeTarget "shogi-camera-input-demo" */;
			buildPhases = (
				940A14AA2B7A9DE9006E2D01 /* Sources */,
				940A14AB2B7A9DE9006E2D01 /* Frameworks */,
				940A14AC2B7A9DE9006E2D01 /* Resources */,
			);
			buildRules = (
			);
			dependencies = (
			);
			name = "shogi-camera-input-demo";
			productName = "shogi-camera-input-demo";
			productReference = 940A14AE2B7A9DE9006E2D01 /* shogi-camera-input-demo.app */;
			productType = "com.apple.product-type.application";
		};
		944ECF232B895A2C001E8CF5 /* test */ = {
			isa = PBXNativeTarget;
			buildConfigurationList = 944ECF282B895A2C001E8CF5 /* Build configuration list for PBXNativeTarget "test" */;
			buildPhases = (
				944ECF202B895A2C001E8CF5 /* Sources */,
				944ECF212B895A2C001E8CF5 /* Frameworks */,
			);
			buildRules = (
			);
			dependencies = (
			);
			name = test;
			productName = test;
			productReference = 944ECF242B895A2C001E8CF5 /* test */;
			productType = "com.apple.product-type.tool";
		};
		94BB05002B81FC81003FB8B8 /* opencv-study */ = {
			isa = PBXNativeTarget;
			buildConfigurationList = 94BB05072B81FC81003FB8B8 /* Build configuration list for PBXNativeTarget "opencv-study" */;
			buildPhases = (
				94BB04FD2B81FC81003FB8B8 /* Sources */,
				94BB04FE2B81FC81003FB8B8 /* Frameworks */,
			);
			buildRules = (
			);
			dependencies = (
			);
			name = "opencv-study";
			productName = "opencv-study";
			productReference = 94BB05012B81FC81003FB8B8 /* opencv-study */;
			productType = "com.apple.product-type.tool";
		};
/* End PBXNativeTarget section */

/* Begin PBXProject section */
		940A14A62B7A9DE9006E2D01 /* Project object */ = {
			isa = PBXProject;
			attributes = {
				BuildIndependentTargetsInParallel = 1;
				LastSwiftUpdateCheck = 1520;
				LastUpgradeCheck = 1520;
				TargetAttributes = {
					940A14AD2B7A9DE9006E2D01 = {
						CreatedOnToolsVersion = 15.2;
						LastSwiftMigration = 1520;
					};
					944ECF232B895A2C001E8CF5 = {
						CreatedOnToolsVersion = 15.2;
					};
					94BB05002B81FC81003FB8B8 = {
						CreatedOnToolsVersion = 15.2;
					};
				};
			};
			buildConfigurationList = 940A14A92B7A9DE9006E2D01 /* Build configuration list for PBXProject "shogi-camera-input-demo" */;
			compatibilityVersion = "Xcode 14.0";
			developmentRegion = en;
			hasScannedForEncodings = 0;
			knownRegions = (
				en,
				Base,
			);
			mainGroup = 940A14A52B7A9DE9006E2D01;
			productRefGroup = 940A14AF2B7A9DE9006E2D01 /* Products */;
			projectDirPath = "";
			projectRoot = "";
			targets = (
				940A14AD2B7A9DE9006E2D01 /* shogi-camera-input-demo */,
				94BB05002B81FC81003FB8B8 /* opencv-study */,
				944ECF232B895A2C001E8CF5 /* test */,
			);
		};
/* End PBXProject section */

/* Begin PBXResourcesBuildPhase section */
		940A14AC2B7A9DE9006E2D01 /* Resources */ = {
			isa = PBXResourcesBuildPhase;
			buildActionMask = 2147483647;
			files = (
				940A14BE2B7A9DEB006E2D01 /* LaunchScreen.storyboard in Resources */,
				940A14BB2B7A9DEB006E2D01 /* Assets.xcassets in Resources */,
				940A14B92B7A9DE9006E2D01 /* Main.storyboard in Resources */,
				946220072B82FA780094B015 /* voice.wav in Resources */,
			);
			runOnlyForDeploymentPostprocessing = 0;
		};
/* End PBXResourcesBuildPhase section */

/* Begin PBXSourcesBuildPhase section */
		940A14AA2B7A9DE9006E2D01 /* Sources */ = {
			isa = PBXSourcesBuildPhase;
			buildActionMask = 2147483647;
			files = (
				944ECF9F2B8B67ED001E8CF5 /* See.cpp in Sources */,
				944ECF7B2B8B673D001E8CF5 /* FileList.cpp in Sources */,
				944ECF9B2B8B67E5001E8CF5 /* Progression.cpp in Sources */,
				944ECF6E2B8B671E001E8CF5 /* Board.cpp in Sources */,
				944ECF392B8A2A3B001E8CF5 /* game.cpp in Sources */,
				944ECFBF2B8B6A7C001E8CF5 /* Record.cpp in Sources */,
				944ECFAD2B8B6804001E8CF5 /* Worker.cpp in Sources */,
				946220132B85F47E0094B015 /* img.cpp in Sources */,
				944ECFA52B8B67FE001E8CF5 /* TimeManager.cpp in Sources */,
				944ECF7A2B8B673D001E8CF5 /* Wildcard.cpp in Sources */,
				9462200B2B8331AF0094B015 /* ShogiCameraInput+Utility.swift in Sources */,
				944ECF6C2B8B671E001E8CF5 /* Bitboard.cpp in Sources */,
				944ECFAE2B8B6804001E8CF5 /* Tree.cpp in Sources */,
				9462200D2B8331E20094B015 /* OpenCV+Utility.swift in Sources */,
				944ECF632B8B6708001E8CF5 /* Square.cpp in Sources */,
				944ECF8E2B8B678F001E8CF5 /* Mate.cpp in Sources */,
				944ECF7C2B8B673D001E8CF5 /* Data.cpp in Sources */,
				944ECFBE2B8B6A7C001E8CF5 /* CsaWriter.cpp in Sources */,
				944ECF572B8B66B5001E8CF5 /* Move.cpp in Sources */,
				944ECF472B8B65C5001E8CF5 /* Searcher.cpp in Sources */,
				944ECF3B2B8A2A96001E8CF5 /* move.cpp in Sources */,
				946220092B832FED0094B015 /* Reader.swift in Sources */,
				944ECFB52B8B688F001E8CF5 /* sunfish3_ai.cpp in Sources */,
				940A14B62B7A9DE9006E2D01 /* ViewController.swift in Sources */,
				944ECFBD2B8B6A7C001E8CF5 /* CsaReader.cpp in Sources */,
				946220112B85F32B0094B015 /* statistics.cpp in Sources */,
				944ECF3F2B8A2B1F001E8CF5 /* random_ai.cpp in Sources */,
				944ECF872B8B6765001E8CF5 /* Evaluator.cpp in Sources */,
				940A14F32B7DEFF1006E2D01 /* DebugPreview.swift in Sources */,
				940A14B22B7A9DE9006E2D01 /* AppDelegate.swift in Sources */,
				944ECF372B8A287C001E8CF5 /* session.cpp in Sources */,
				944ECF482B8B65C5001E8CF5 /* RandomSearcher.cpp in Sources */,
				944ECF622B8B6708001E8CF5 /* Piece.cpp in Sources */,
				940A14F12B7DC84D006E2D01 /* shogi_camera_input.mm in Sources */,
				9462200F2B85F2C30094B015 /* piece_book.cpp in Sources */,
				944ECF582B8B66B5001E8CF5 /* MoveTable.cpp in Sources */,
				944ECF6D2B8B671E001E8CF5 /* Zobrist.cpp in Sources */,
				944ECF562B8B66B5001E8CF5 /* MoveGenerator.cpp in Sources */,
				944ECF5C2B8B66EA001E8CF5 /* Logger.cpp in Sources */,
				944ECF862B8B6765001E8CF5 /* Material.cpp in Sources */,
				944ECFB32B8B680A001E8CF5 /* TTE.cpp in Sources */,
				940A14B42B7A9DE9006E2D01 /* SceneDelegate.swift in Sources */,
				944ECF3D2B8A2AD5001E8CF5 /* position.cpp in Sources */,
			);
			runOnlyForDeploymentPostprocessing = 0;
		};
		944ECF202B895A2C001E8CF5 /* Sources */ = {
			isa = PBXSourcesBuildPhase;
			buildActionMask = 2147483647;
			files = (
				944ECF322B895BE3001E8CF5 /* shogi_camera_input.cpp in Sources */,
				944ECF342B895C17001E8CF5 /* img.cpp in Sources */,
				944ECF272B895A2C001E8CF5 /* main.cpp in Sources */,
				944ECF332B895C14001E8CF5 /* statistics.cpp in Sources */,
				944ECF352B895C1F001E8CF5 /* piece_book.cpp in Sources */,
			);
			runOnlyForDeploymentPostprocessing = 0;
		};
		94BB04FD2B81FC81003FB8B8 /* Sources */ = {
			isa = PBXSourcesBuildPhase;
			buildActionMask = 2147483647;
			files = (
				944ECF1E2B871C56001E8CF5 /* img.cpp in Sources */,
				944ECF1D2B871C54001E8CF5 /* statistics.cpp in Sources */,
				94BB05042B81FC81003FB8B8 /* main.cpp in Sources */,
				944ECF1F2B871C5A001E8CF5 /* piece_book.cpp in Sources */,
			);
			runOnlyForDeploymentPostprocessing = 0;
		};
/* End PBXSourcesBuildPhase section */

/* Begin PBXVariantGroup section */
		940A14B72B7A9DE9006E2D01 /* Main.storyboard */ = {
			isa = PBXVariantGroup;
			children = (
				940A14B82B7A9DE9006E2D01 /* Base */,
			);
			name = Main.storyboard;
			sourceTree = "<group>";
		};
		940A14BC2B7A9DEB006E2D01 /* LaunchScreen.storyboard */ = {
			isa = PBXVariantGroup;
			children = (
				940A14BD2B7A9DEB006E2D01 /* Base */,
			);
			name = LaunchScreen.storyboard;
			sourceTree = "<group>";
		};
/* End PBXVariantGroup section */

/* Begin XCBuildConfiguration section */
		940A14C02B7A9DEB006E2D01 /* Debug */ = {
			isa = XCBuildConfiguration;
			buildSettings = {
				ALWAYS_SEARCH_USER_PATHS = NO;
				ASSETCATALOG_COMPILER_GENERATE_SWIFT_ASSET_SYMBOL_EXTENSIONS = YES;
				CLANG_ANALYZER_NONNULL = YES;
				CLANG_ANALYZER_NUMBER_OBJECT_CONVERSION = YES_AGGRESSIVE;
				CLANG_CXX_LANGUAGE_STANDARD = "gnu++20";
				CLANG_ENABLE_MODULES = YES;
				CLANG_ENABLE_OBJC_ARC = YES;
				CLANG_ENABLE_OBJC_WEAK = YES;
				CLANG_WARN_BLOCK_CAPTURE_AUTORELEASING = YES;
				CLANG_WARN_BOOL_CONVERSION = YES;
				CLANG_WARN_COMMA = YES;
				CLANG_WARN_CONSTANT_CONVERSION = YES;
				CLANG_WARN_DEPRECATED_OBJC_IMPLEMENTATIONS = YES;
				CLANG_WARN_DIRECT_OBJC_ISA_USAGE = YES_ERROR;
				CLANG_WARN_DOCUMENTATION_COMMENTS = YES;
				CLANG_WARN_EMPTY_BODY = YES;
				CLANG_WARN_ENUM_CONVERSION = YES;
				CLANG_WARN_INFINITE_RECURSION = YES;
				CLANG_WARN_INT_CONVERSION = YES;
				CLANG_WARN_NON_LITERAL_NULL_CONVERSION = YES;
				CLANG_WARN_OBJC_IMPLICIT_RETAIN_SELF = YES;
				CLANG_WARN_OBJC_LITERAL_CONVERSION = YES;
				CLANG_WARN_OBJC_ROOT_CLASS = YES_ERROR;
				CLANG_WARN_QUOTED_INCLUDE_IN_FRAMEWORK_HEADER = YES;
				CLANG_WARN_RANGE_LOOP_ANALYSIS = YES;
				CLANG_WARN_STRICT_PROTOTYPES = YES;
				CLANG_WARN_SUSPICIOUS_MOVE = YES;
				CLANG_WARN_UNGUARDED_AVAILABILITY = YES_AGGRESSIVE;
				CLANG_WARN_UNREACHABLE_CODE = YES;
				CLANG_WARN__DUPLICATE_METHOD_MATCH = YES;
				COPY_PHASE_STRIP = NO;
				DEBUG_INFORMATION_FORMAT = dwarf;
				ENABLE_STRICT_OBJC_MSGSEND = YES;
				ENABLE_TESTABILITY = YES;
				ENABLE_USER_SCRIPT_SANDBOXING = YES;
				GCC_C_LANGUAGE_STANDARD = gnu17;
				GCC_DYNAMIC_NO_PIC = NO;
				GCC_NO_COMMON_BLOCKS = YES;
				GCC_OPTIMIZATION_LEVEL = 0;
				GCC_PREPROCESSOR_DEFINITIONS = (
					"DEBUG=1",
					"$(inherited)",
				);
				GCC_WARN_64_TO_32_BIT_CONVERSION = YES;
				GCC_WARN_ABOUT_RETURN_TYPE = YES_ERROR;
				GCC_WARN_UNDECLARED_SELECTOR = YES;
				GCC_WARN_UNINITIALIZED_AUTOS = YES_AGGRESSIVE;
				GCC_WARN_UNUSED_FUNCTION = YES;
				GCC_WARN_UNUSED_VARIABLE = YES;
				IPHONEOS_DEPLOYMENT_TARGET = 17.2;
				LOCALIZATION_PREFERS_STRING_CATALOGS = YES;
				MTL_ENABLE_DEBUG_INFO = INCLUDE_SOURCE;
				MTL_FAST_MATH = YES;
				ONLY_ACTIVE_ARCH = YES;
				SDKROOT = iphoneos;
				SWIFT_ACTIVE_COMPILATION_CONDITIONS = "DEBUG $(inherited)";
				SWIFT_OBJC_INTEROP_MODE = objcxx;
				SWIFT_OPTIMIZATION_LEVEL = "-Onone";
			};
			name = Debug;
		};
		940A14C12B7A9DEB006E2D01 /* Release */ = {
			isa = XCBuildConfiguration;
			buildSettings = {
				ALWAYS_SEARCH_USER_PATHS = NO;
				ASSETCATALOG_COMPILER_GENERATE_SWIFT_ASSET_SYMBOL_EXTENSIONS = YES;
				CLANG_ANALYZER_NONNULL = YES;
				CLANG_ANALYZER_NUMBER_OBJECT_CONVERSION = YES_AGGRESSIVE;
				CLANG_CXX_LANGUAGE_STANDARD = "gnu++20";
				CLANG_ENABLE_MODULES = YES;
				CLANG_ENABLE_OBJC_ARC = YES;
				CLANG_ENABLE_OBJC_WEAK = YES;
				CLANG_WARN_BLOCK_CAPTURE_AUTORELEASING = YES;
				CLANG_WARN_BOOL_CONVERSION = YES;
				CLANG_WARN_COMMA = YES;
				CLANG_WARN_CONSTANT_CONVERSION = YES;
				CLANG_WARN_DEPRECATED_OBJC_IMPLEMENTATIONS = YES;
				CLANG_WARN_DIRECT_OBJC_ISA_USAGE = YES_ERROR;
				CLANG_WARN_DOCUMENTATION_COMMENTS = YES;
				CLANG_WARN_EMPTY_BODY = YES;
				CLANG_WARN_ENUM_CONVERSION = YES;
				CLANG_WARN_INFINITE_RECURSION = YES;
				CLANG_WARN_INT_CONVERSION = YES;
				CLANG_WARN_NON_LITERAL_NULL_CONVERSION = YES;
				CLANG_WARN_OBJC_IMPLICIT_RETAIN_SELF = YES;
				CLANG_WARN_OBJC_LITERAL_CONVERSION = YES;
				CLANG_WARN_OBJC_ROOT_CLASS = YES_ERROR;
				CLANG_WARN_QUOTED_INCLUDE_IN_FRAMEWORK_HEADER = YES;
				CLANG_WARN_RANGE_LOOP_ANALYSIS = YES;
				CLANG_WARN_STRICT_PROTOTYPES = YES;
				CLANG_WARN_SUSPICIOUS_MOVE = YES;
				CLANG_WARN_UNGUARDED_AVAILABILITY = YES_AGGRESSIVE;
				CLANG_WARN_UNREACHABLE_CODE = YES;
				CLANG_WARN__DUPLICATE_METHOD_MATCH = YES;
				COPY_PHASE_STRIP = NO;
				DEBUG_INFORMATION_FORMAT = "dwarf-with-dsym";
				ENABLE_NS_ASSERTIONS = NO;
				ENABLE_STRICT_OBJC_MSGSEND = YES;
				ENABLE_USER_SCRIPT_SANDBOXING = YES;
				GCC_C_LANGUAGE_STANDARD = gnu17;
				GCC_NO_COMMON_BLOCKS = YES;
				GCC_WARN_64_TO_32_BIT_CONVERSION = YES;
				GCC_WARN_ABOUT_RETURN_TYPE = YES_ERROR;
				GCC_WARN_UNDECLARED_SELECTOR = YES;
				GCC_WARN_UNINITIALIZED_AUTOS = YES_AGGRESSIVE;
				GCC_WARN_UNUSED_FUNCTION = YES;
				GCC_WARN_UNUSED_VARIABLE = YES;
				IPHONEOS_DEPLOYMENT_TARGET = 17.2;
				LOCALIZATION_PREFERS_STRING_CATALOGS = YES;
				MTL_ENABLE_DEBUG_INFO = NO;
				MTL_FAST_MATH = YES;
				SDKROOT = iphoneos;
				SWIFT_COMPILATION_MODE = wholemodule;
				SWIFT_OBJC_INTEROP_MODE = objcxx;
				VALIDATE_PRODUCT = YES;
			};
			name = Release;
		};
		940A14C32B7A9DEB006E2D01 /* Debug */ = {
			isa = XCBuildConfiguration;
			buildSettings = {
				ASSETCATALOG_COMPILER_APPICON_NAME = AppIcon;
				ASSETCATALOG_COMPILER_GLOBAL_ACCENT_COLOR_NAME = AccentColor;
				CLANG_ENABLE_MODULES = YES;
				CODE_SIGN_STYLE = Automatic;
				CURRENT_PROJECT_VERSION = 1;
				DEVELOPMENT_TEAM = XM695N4A7T;
				GENERATE_INFOPLIST_FILE = YES;
				HEADER_SEARCH_PATHS = (
					"$(SRCROOT)/../../include",
					"$(SRCROOT)/../sunfish3/src",
				);
				INFOPLIST_FILE = "shogi-camera-input-demo/Info.plist";
				INFOPLIST_KEY_NSCameraUsageDescription = "";
				INFOPLIST_KEY_UIApplicationSupportsIndirectInputEvents = YES;
				INFOPLIST_KEY_UILaunchStoryboardName = LaunchScreen;
				INFOPLIST_KEY_UIMainStoryboardFile = Main;
				INFOPLIST_KEY_UISupportedInterfaceOrientations = UIInterfaceOrientationPortrait;
				IPHONEOS_DEPLOYMENT_TARGET = 15.0;
				LD_RUNPATH_SEARCH_PATHS = (
					"$(inherited)",
					"@executable_path/Frameworks",
				);
				MARKETING_VERSION = 1.0;
				PRODUCT_BUNDLE_IDENTIFIER = "com.github.kbinani.shogi-camera-input-demo";
				PRODUCT_NAME = "$(TARGET_NAME)";
				SWIFT_EMIT_LOC_STRINGS = YES;
				SWIFT_OPTIMIZATION_LEVEL = "-Onone";
				SWIFT_VERSION = 5.0;
				TARGETED_DEVICE_FAMILY = "1,2";
			};
			name = Debug;
		};
		940A14C42B7A9DEB006E2D01 /* Release */ = {
			isa = XCBuildConfiguration;
			buildSettings = {
				ASSETCATALOG_COMPILER_APPICON_NAME = AppIcon;
				ASSETCATALOG_COMPILER_GLOBAL_ACCENT_COLOR_NAME = AccentColor;
				CLANG_ENABLE_MODULES = YES;
				CODE_SIGN_STYLE = Automatic;
				CURRENT_PROJECT_VERSION = 1;
				DEVELOPMENT_TEAM = XM695N4A7T;
				GENERATE_INFOPLIST_FILE = YES;
				HEADER_SEARCH_PATHS = (
					"$(SRCROOT)/../../include",
					"$(SRCROOT)/../sunfish3/src",
				);
				INFOPLIST_FILE = "shogi-camera-input-demo/Info.plist";
				INFOPLIST_KEY_NSCameraUsageDescription = "";
				INFOPLIST_KEY_UIApplicationSupportsIndirectInputEvents = YES;
				INFOPLIST_KEY_UILaunchStoryboardName = LaunchScreen;
				INFOPLIST_KEY_UIMainStoryboardFile = Main;
				INFOPLIST_KEY_UISupportedInterfaceOrientations = UIInterfaceOrientationPortrait;
				IPHONEOS_DEPLOYMENT_TARGET = 15.0;
				LD_RUNPATH_SEARCH_PATHS = (
					"$(inherited)",
					"@executable_path/Frameworks",
				);
				MARKETING_VERSION = 1.0;
				PRODUCT_BUNDLE_IDENTIFIER = "com.github.kbinani.shogi-camera-input-demo";
				PRODUCT_NAME = "$(TARGET_NAME)";
				SWIFT_EMIT_LOC_STRINGS = YES;
				SWIFT_VERSION = 5.0;
				TARGETED_DEVICE_FAMILY = "1,2";
			};
			name = Release;
		};
		944ECF292B895A2C001E8CF5 /* Debug */ = {
			isa = XCBuildConfiguration;
			buildSettings = {
				CODE_SIGN_STYLE = Automatic;
				DEVELOPMENT_TEAM = XM695N4A7T;
				ENABLE_HARDENED_RUNTIME = YES;
				FRAMEWORK_SEARCH_PATHS = "$(SRCROOT)/../../build/opencv/build";
				HEADER_SEARCH_PATHS = (
					"$(SRCROOT)/../../test/doctest",
					"$(SRCROOT)/../../src",
					"$(SRCROOT)/../../include",
				);
				MACOSX_DEPLOYMENT_TARGET = 14.1;
				PRODUCT_NAME = "$(TARGET_NAME)";
				SDKROOT = macosx;
			};
			name = Debug;
		};
		944ECF2A2B895A2C001E8CF5 /* Release */ = {
			isa = XCBuildConfiguration;
			buildSettings = {
				CODE_SIGN_STYLE = Automatic;
				DEVELOPMENT_TEAM = XM695N4A7T;
				ENABLE_HARDENED_RUNTIME = YES;
				FRAMEWORK_SEARCH_PATHS = "$(SRCROOT)/../../build/opencv/build";
				HEADER_SEARCH_PATHS = (
					"$(SRCROOT)/../../test/doctest",
					"$(SRCROOT)/../../src",
					"$(SRCROOT)/../../include",
				);
				MACOSX_DEPLOYMENT_TARGET = 14.1;
				PRODUCT_NAME = "$(TARGET_NAME)";
				SDKROOT = macosx;
			};
			name = Release;
		};
		94BB05052B81FC81003FB8B8 /* Debug */ = {
			isa = XCBuildConfiguration;
			buildSettings = {
				CODE_SIGN_STYLE = Automatic;
				DEVELOPMENT_TEAM = XM695N4A7T;
				ENABLE_HARDENED_RUNTIME = YES;
				FRAMEWORK_SEARCH_PATHS = "$(SRCROOT)/../../build/opencv/build";
				HEADER_SEARCH_PATHS = (
					"$(SRCROOT)/../../include",
					"$(SRCROOT)/../../src",
					"$(SRCROOT)/../colormap-shaders/include",
				);
				MACOSX_DEPLOYMENT_TARGET = 14.1;
				PRODUCT_NAME = "$(TARGET_NAME)";
				SDKROOT = macosx;
			};
			name = Debug;
		};
		94BB05062B81FC81003FB8B8 /* Release */ = {
			isa = XCBuildConfiguration;
			buildSettings = {
				CODE_SIGN_STYLE = Automatic;
				DEVELOPMENT_TEAM = XM695N4A7T;
				ENABLE_HARDENED_RUNTIME = YES;
				FRAMEWORK_SEARCH_PATHS = "$(SRCROOT)/../../build/opencv/build";
				HEADER_SEARCH_PATHS = (
					"$(SRCROOT)/../../include",
					"$(SRCROOT)/../../src",
					"$(SRCROOT)/../colormap-shaders/include",
				);
				MACOSX_DEPLOYMENT_TARGET = 14.1;
				PRODUCT_NAME = "$(TARGET_NAME)";
				SDKROOT = macosx;
			};
			name = Release;
		};
/* End XCBuildConfiguration section */

/* Begin XCConfigurationList section */
		940A14A92B7A9DE9006E2D01 /* Build configuration list for PBXProject "shogi-camera-input-demo" */ = {
			isa = XCConfigurationList;
			buildConfigurations = (
				940A14C02B7A9DEB006E2D01 /* Debug */,
				940A14C12B7A9DEB006E2D01 /* Release */,
			);
			defaultConfigurationIsVisible = 0;
			defaultConfigurationName = Release;
		};
		940A14C22B7A9DEB006E2D01 /* Build configuration list for PBXNativeTarget "shogi-camera-input-demo" */ = {
			isa = XCConfigurationList;
			buildConfigurations = (
				940A14C32B7A9DEB006E2D01 /* Debug */,
				940A14C42B7A9DEB006E2D01 /* Release */,
			);
			defaultConfigurationIsVisible = 0;
			defaultConfigurationName = Release;
		};
		944ECF282B895A2C001E8CF5 /* Build configuration list for PBXNativeTarget "test" */ = {
			isa = XCConfigurationList;
			buildConfigurations = (
				944ECF292B895A2C001E8CF5 /* Debug */,
				944ECF2A2B895A2C001E8CF5 /* Release */,
			);
			defaultConfigurationIsVisible = 0;
			defaultConfigurationName = Release;
		};
		94BB05072B81FC81003FB8B8 /* Build configuration list for PBXNativeTarget "opencv-study" */ = {
			isa = XCConfigurationList;
			buildConfigurations = (
				94BB05052B81FC81003FB8B8 /* Debug */,
				94BB05062B81FC81003FB8B8 /* Release */,
			);
			defaultConfigurationIsVisible = 0;
			defaultConfigurationName = Release;
		};
/* End XCConfigurationList section */
	};
	rootObject = 940A14A62B7A9DE9006E2D01 /* Project object */;
}
